
Microsoft Visual Studio Solution File, Format Version 12.00
# Visual Studio Version 17
VisualStudioVersion = 17.0.31903.59
MinimumVisualStudioVersion = 10.0.40219.1
Project("{2150E333-8FDC-42A3-9474-1A3956D46DE8}") = "Extra", "Extra", "{46E43B1B-7F91-48E6-9D5F-166C41B210A5}"
	ProjectSection(SolutionItems) = preProject
		Extra\cloud rules.txt = Extra\cloud rules.txt
		Extra\clouds.txt = Extra\clouds.txt
		Extra\features.txt = Extra\features.txt
		Extra\items.txt = Extra\items.txt
		Extra\mon-data.h = Extra\mon-data.h
		Extra\monsteroverrides.txt = Extra\monsteroverrides.txt
		Extra\namedmonsteroverrides.txt = Extra\namedmonsteroverrides.txt
		Extra\pause.png = Extra\pause.png
		Extra\play.png = Extra\play.png
		Extra\racepng.txt = Extra\racepng.txt
		Extra\SameMonsterRules.txt = Extra\SameMonsterRules.txt
		Extra\tilefloor.txt = Extra\tilefloor.txt
		Extra\tilefloorColors.txt = Extra\tilefloorColors.txt
		Extra\weapons.txt = Extra\weapons.txt
	EndProjectSection
EndProject
Project("{9A19103F-16F7-4668-BE54-9A1E7A4F7556}") = "FrameGenerator", "FrameGenerator\FrameGenerator.csproj", "{30F98677-FEA1-4F97-8031-EFA331DCCF08}"
EndProject
Project("{9A19103F-16F7-4668-BE54-9A1E7A4F7556}") = "InputParser", "InputParse\InputParser.csproj", "{84DFB055-AACF-4744-8B11-E88379C161D7}"
EndProject
Project("{9A19103F-16F7-4668-BE54-9A1E7A4F7556}") = "TtyRecDecoder", "TtyRecDecoder\TtyRecDecoder.csproj", "{519ACC71-26B1-4312-AD42-231965817F20}"
EndProject
Project("{2150E333-8FDC-42A3-9474-1A3956D46DE8}") = "Libraries", "Libraries", "{A1D5D39E-3802-4C5B-8C0F-D12C43FB6C43}"
EndProject
Project("{FAE04EC0-301F-11D3-BF4B-00C04F79EFBC}") = "TtyRecMonkey", "TtyRecMonkey\TtyRecMonkey.csproj", "{2409C96E-18FC-4420-A755-A2509F3B33C2}"
EndProject
Project("{D954291E-2A0B-460D-934E-DC6B0785DB48}") = "DCSSTV.Shared", "DCSSTV\DCSSTV.Shared\DCSSTV.Shared.shproj", "{6279C845-92F8-4333-AB99-3D213163593C}"
EndProject
Project("{9A19103F-16F7-4668-BE54-9A1E7A4F7556}") = "DCSSTV.Wasm", "DCSSTV\DCSSTV.Wasm\DCSSTV.Wasm.csproj", "{7EACE17D-862D-4301-BD7D-D3507CF35E8C}"
EndProject
Project("{2150E333-8FDC-42A3-9474-1A3956D46DE8}") = "Extra2023", "Extra2023", "{ABD7C62E-2D01-4FDA-87BF-05A31FC439C7}"
	ProjectSection(SolutionItems) = preProject
		Extra2023\clouds.txt = Extra2023\clouds.txt
		Extra2023\features.txt = Extra2023\features.txt
		Extra2023\items.txt = Extra2023\items.txt
		Extra2023\mon-data.h = Extra2023\mon-data.h
		Extra2023\monsteroverrides.txt = Extra2023\monsteroverrides.txt
		Extra2023\namedmonsteroverrides.txt = Extra2023\namedmonsteroverrides.txt
		Extra2023\racepng.txt = Extra2023\racepng.txt
		Extra2023\tilefloor.txt = Extra2023\tilefloor.txt
		Extra2023\tilefloorColors.txt = Extra2023\tilefloorColors.txt
		Extra2023\weapons.txt = Extra2023\weapons.txt
	EndProjectSection
EndProject
Global
	GlobalSection(SolutionConfigurationPlatforms) = preSolution
		Debug|Any CPU = Debug|Any CPU
		Debug|x64 = Debug|x64
		Debug|x86 = Debug|x86
		Release|Any CPU = Release|Any CPU
		Release|x64 = Release|x64
		Release|x86 = Release|x86
	EndGlobalSection
	GlobalSection(ProjectConfigurationPlatforms) = postSolution
		{30F98677-FEA1-4F97-8031-EFA331DCCF08}.Debug|Any CPU.ActiveCfg = Debug|Any CPU
		{30F98677-FEA1-4F97-8031-EFA331DCCF08}.Debug|Any CPU.Build.0 = Debug|Any CPU
		{30F98677-FEA1-4F97-8031-EFA331DCCF08}.Debug|x64.ActiveCfg = Debug|Any CPU
		{30F98677-FEA1-4F97-8031-EFA331DCCF08}.Debug|x64.Build.0 = Debug|Any CPU
		{30F98677-FEA1-4F97-8031-EFA331DCCF08}.Debug|x86.ActiveCfg = Debug|Any CPU
		{30F98677-FEA1-4F97-8031-EFA331DCCF08}.Debug|x86.Build.0 = Debug|Any CPU
		{30F98677-FEA1-4F97-8031-EFA331DCCF08}.Release|Any CPU.ActiveCfg = Release|Any CPU
		{30F98677-FEA1-4F97-8031-EFA331DCCF08}.Release|Any CPU.Build.0 = Release|Any CPU
		{30F98677-FEA1-4F97-8031-EFA331DCCF08}.Release|x64.ActiveCfg = Release|Any CPU
		{30F98677-FEA1-4F97-8031-EFA331DCCF08}.Release|x64.Build.0 = Release|Any CPU
		{30F98677-FEA1-4F97-8031-EFA331DCCF08}.Release|x86.ActiveCfg = Release|Any CPU
		{30F98677-FEA1-4F97-8031-EFA331DCCF08}.Release|x86.Build.0 = Release|Any CPU
		{84DFB055-AACF-4744-8B11-E88379C161D7}.Debug|Any CPU.ActiveCfg = Debug|Any CPU
		{84DFB055-AACF-4744-8B11-E88379C161D7}.Debug|Any CPU.Build.0 = Debug|Any CPU
		{84DFB055-AACF-4744-8B11-E88379C161D7}.Debug|x64.ActiveCfg = Debug|Any CPU
		{84DFB055-AACF-4744-8B11-E88379C161D7}.Debug|x64.Build.0 = Debug|Any CPU
		{84DFB055-AACF-4744-8B11-E88379C161D7}.Debug|x86.ActiveCfg = Debug|Any CPU
		{84DFB055-AACF-4744-8B11-E88379C161D7}.Debug|x86.Build.0 = Debug|Any CPU
		{84DFB055-AACF-4744-8B11-E88379C161D7}.Release|Any CPU.ActiveCfg = Release|Any CPU
		{84DFB055-AACF-4744-8B11-E88379C161D7}.Release|Any CPU.Build.0 = Release|Any CPU
		{84DFB055-AACF-4744-8B11-E88379C161D7}.Release|x64.ActiveCfg = Release|Any CPU
		{84DFB055-AACF-4744-8B11-E88379C161D7}.Release|x64.Build.0 = Release|Any CPU
		{84DFB055-AACF-4744-8B11-E88379C161D7}.Release|x86.ActiveCfg = Release|Any CPU
		{84DFB055-AACF-4744-8B11-E88379C161D7}.Release|x86.Build.0 = Release|Any CPU
		{519ACC71-26B1-4312-AD42-231965817F20}.Debug|Any CPU.ActiveCfg = Debug|Any CPU
		{519ACC71-26B1-4312-AD42-231965817F20}.Debug|Any CPU.Build.0 = Debug|Any CPU
		{519ACC71-26B1-4312-AD42-231965817F20}.Debug|x64.ActiveCfg = Debug|Any CPU
		{519ACC71-26B1-4312-AD42-231965817F20}.Debug|x64.Build.0 = Debug|Any CPU
		{519ACC71-26B1-4312-AD42-231965817F20}.Debug|x86.ActiveCfg = Debug|Any CPU
		{519ACC71-26B1-4312-AD42-231965817F20}.Debug|x86.Build.0 = Debug|Any CPU
		{519ACC71-26B1-4312-AD42-231965817F20}.Release|Any CPU.ActiveCfg = Release|Any CPU
		{519ACC71-26B1-4312-AD42-231965817F20}.Release|Any CPU.Build.0 = Release|Any CPU
		{519ACC71-26B1-4312-AD42-231965817F20}.Release|x64.ActiveCfg = Release|Any CPU
		{519ACC71-26B1-4312-AD42-231965817F20}.Release|x64.Build.0 = Release|Any CPU
		{519ACC71-26B1-4312-AD42-231965817F20}.Release|x86.ActiveCfg = Release|Any CPU
		{519ACC71-26B1-4312-AD42-231965817F20}.Release|x86.Build.0 = Release|Any CPU
		{2409C96E-18FC-4420-A755-A2509F3B33C2}.Debug|Any CPU.ActiveCfg = Debug|x64
		{2409C96E-18FC-4420-A755-A2509F3B33C2}.Debug|Any CPU.Build.0 = Debug|x64
		{2409C96E-18FC-4420-A755-A2509F3B33C2}.Debug|x64.ActiveCfg = Debug|x64
		{2409C96E-18FC-4420-A755-A2509F3B33C2}.Debug|x64.Build.0 = Debug|x64
		{2409C96E-18FC-4420-A755-A2509F3B33C2}.Debug|x86.ActiveCfg = Debug|x86
		{2409C96E-18FC-4420-A755-A2509F3B33C2}.Debug|x86.Build.0 = Debug|x86
		{2409C96E-18FC-4420-A755-A2509F3B33C2}.Release|Any CPU.ActiveCfg = Release|x64
		{2409C96E-18FC-4420-A755-A2509F3B33C2}.Release|Any CPU.Build.0 = Release|x64
		{2409C96E-18FC-4420-A755-A2509F3B33C2}.Release|x64.ActiveCfg = Release|x64
		{2409C96E-18FC-4420-A755-A2509F3B33C2}.Release|x64.Build.0 = Release|x64
		{2409C96E-18FC-4420-A755-A2509F3B33C2}.Release|x86.ActiveCfg = Release|x86
		{2409C96E-18FC-4420-A755-A2509F3B33C2}.Release|x86.Build.0 = Release|x86
		{7EACE17D-862D-4301-BD7D-D3507CF35E8C}.Debug|Any CPU.ActiveCfg = Debug|Any CPU
		{7EACE17D-862D-4301-BD7D-D3507CF35E8C}.Debug|Any CPU.Build.0 = Debug|Any CPU
		{7EACE17D-862D-4301-BD7D-D3507CF35E8C}.Debug|x64.ActiveCfg = Debug|Any CPU
		{7EACE17D-862D-4301-BD7D-D3507CF35E8C}.Debug|x64.Build.0 = Debug|Any CPU
		{7EACE17D-862D-4301-BD7D-D3507CF35E8C}.Debug|x86.ActiveCfg = Debug|Any CPU
		{7EACE17D-862D-4301-BD7D-D3507CF35E8C}.Debug|x86.Build.0 = Debug|Any CPU
		{7EACE17D-862D-4301-BD7D-D3507CF35E8C}.Release|Any CPU.ActiveCfg = Release|Any CPU
		{7EACE17D-862D-4301-BD7D-D3507CF35E8C}.Release|Any CPU.Build.0 = Release|Any CPU
		{7EACE17D-862D-4301-BD7D-D3507CF35E8C}.Release|x64.ActiveCfg = Release|Any CPU
		{7EACE17D-862D-4301-BD7D-D3507CF35E8C}.Release|x64.Build.0 = Release|Any CPU
		{7EACE17D-862D-4301-BD7D-D3507CF35E8C}.Release|x86.ActiveCfg = Release|Any CPU
		{7EACE17D-862D-4301-BD7D-D3507CF35E8C}.Release|x86.Build.0 = Release|Any CPU
	EndGlobalSection
	GlobalSection(SolutionProperties) = preSolution
		HideSolutionNode = FALSE
	EndGlobalSection
	GlobalSection(NestedProjects) = preSolution
		{30F98677-FEA1-4F97-8031-EFA331DCCF08} = {A1D5D39E-3802-4C5B-8C0F-D12C43FB6C43}
		{84DFB055-AACF-4744-8B11-E88379C161D7} = {A1D5D39E-3802-4C5B-8C0F-D12C43FB6C43}
		{519ACC71-26B1-4312-AD42-231965817F20} = {A1D5D39E-3802-4C5B-8C0F-D12C43FB6C43}
		{6279C845-92F8-4333-AB99-3D213163593C} = {A1D5D39E-3802-4C5B-8C0F-D12C43FB6C43}
	EndGlobalSection
	GlobalSection(ExtensibilityGlobals) = postSolution
		SolutionGuid = {D8CC3372-0800-4A78-9C08-6BA125EBB5ED}
	EndGlobalSection
	GlobalSection(SharedMSBuildProjectFiles) = preSolution
		DCSSTV\DCSSTV.Shared\DCSSTV.Shared.projitems*{6279c845-92f8-4333-ab99-3d213163593c}*SharedItemsImports = 13
		DCSSTV\DCSSTV.Shared\DCSSTV.Shared.projitems*{7eace17d-862d-4301-bd7d-d3507cf35e8c}*SharedItemsImports = 5
	EndGlobalSection
EndGlobal
