
Microsoft Visual Studio Solution File, Format Version 12.00
# Visual Studio Version 16
VisualStudioVersion = 16.0.29318.209
MinimumVisualStudioVersion = 10.0.40219.1
Project("{2150E333-8FDC-42A3-9474-1A3956D46DE8}") = "Solution Items", "Solution Items", "{D7B1D523-2D87-4719-9F18-B7F6B11D44F8}"
	ProjectSection(SolutionItems) = preProject
		LICENSE.txt = LICENSE.txt
	EndProjectSection
EndProject
Project("{FAE04EC0-301F-11D3-BF4B-00C04F79EFBC}") = "TtyRecMonkey", "TtyRecMonkey\TtyRecMonkey.csproj", "{2409C96E-18FC-4420-A755-A2509F3B33C2}"
EndProject
Project("{8BC9CEB8-8B4A-11D0-8D11-00A0C91BC942}") = "PuttyDLL", "Putty\WINDOWS\VS2012\putty\PuttyDLL.vcxproj", "{8F44624A-D188-4188-B9AA-5F99F20723E1}"
EndProject
Project("{2150E333-8FDC-42A3-9474-1A3956D46DE8}") = "Extra", "Extra", "{46E43B1B-7F91-48E6-9D5F-166C41B210A5}"
	ProjectSection(SolutionItems) = preProject
		Extra\cloud rules.txt = Extra\cloud rules.txt
		Extra\clouds.txt = Extra\clouds.txt
		Extra\features.txt = Extra\features.txt
		Extra\items.txt = Extra\items.txt
		Extra\monsteroverrides.txt = Extra\monsteroverrides.txt
		Extra\namedmonsteroverrides.txt = Extra\namedmonsteroverrides.txt
		Extra\pause.png = Extra\pause.png
		Extra\play.png = Extra\play.png
		Extra\racepng.txt = Extra\racepng.txt
		Extra\SameMonsterRules.txt = Extra\SameMonsterRules.txt
		Extra\tilefloor.txt = Extra\tilefloor.txt
		Extra\tilefloorcolors.txt = Extra\tilefloorcolors.txt
		Extra\weapons.txt = Extra\weapons.txt
	EndProjectSection
EndProject
Project("{9A19103F-16F7-4668-BE54-9A1E7A4F7556}") = "FrameGenerator", "FrameGenerator\FrameGenerator.csproj", "{30F98677-FEA1-4F97-8031-EFA331DCCF08}"
EndProject
Project("{9A19103F-16F7-4668-BE54-9A1E7A4F7556}") = "InputParser", "InputParse\InputParser.csproj", "{84DFB055-AACF-4744-8B11-E88379C161D7}"
EndProject
Project("{9A19103F-16F7-4668-BE54-9A1E7A4F7556}") = "PuttySharp", "PuttySharp\PuttySharp.csproj", "{0D491035-AF37-4F50-861F-FDF6A3248943}"
EndProject
Project("{9A19103F-16F7-4668-BE54-9A1E7A4F7556}") = "TtyRecDecoder", "TtyRecDecoder\TtyRecDecoder.csproj", "{519ACC71-26B1-4312-AD42-231965817F20}"
EndProject
Project("{FAE04EC0-301F-11D3-BF4B-00C04F79EFBC}") = "DCSSReplay.Android", "DCSSReplay\DCSSReplay.Android\DCSSReplay.Android.csproj", "{22EAEBEF-5AAC-4A39-979F-098BA2D4065D}"
EndProject
Project("{9A19103F-16F7-4668-BE54-9A1E7A4F7556}") = "DCSSReplay", "DCSSReplay\DCSSReplay\DCSSReplay.csproj", "{4D673517-D6AB-429C-AB59-331A9B4103D6}"
EndProject
Project("{8BC9CEB8-8B4A-11D0-8D11-00A0C91BC942}") = "PuttyDLL.Android", "Putty.Android\Putty.Android.vcxproj", "{CB0A5249-3A72-4019-8F76-0A25371883E8}"
EndProject
Project("{8BC9CEB8-8B4A-11D0-8D11-00A0C91BC942}") = "SlimPutty", "SlimPutty\SlimPutty.vcxitems", "{B827B9A1-9934-42C6-96D1-532E87369D1C}"
EndProject
Project("{9A19103F-16F7-4668-BE54-9A1E7A4F7556}") = "DCSSTV", "DCSSTV\DCSSTV.csproj", "{CCE78887-B6B1-4DC8-A92A-AF8A07F70CA4}"
EndProject
Project("{FAE04EC0-301F-11D3-BF4B-00C04F79EFBC}") = "DCSSTVBroadcaster", "DCSSTVBroadcaster\DCSSTVBroadcaster.csproj", "{06E34DC8-9AFE-4C59-9D24-9EDE434798CF}"
EndProject
Global
	GlobalSection(SharedMSBuildProjectFiles) = preSolution
		SlimPutty\SlimPutty.vcxitems*{8f44624a-d188-4188-b9aa-5f99f20723e1}*SharedItemsImports = 4
		SlimPutty\SlimPutty.vcxitems*{b827b9a1-9934-42c6-96d1-532e87369d1c}*SharedItemsImports = 9
		SlimPutty\SlimPutty.vcxitems*{cb0a5249-3a72-4019-8f76-0a25371883e8}*SharedItemsImports = 4
	EndGlobalSection
	GlobalSection(SolutionConfigurationPlatforms) = preSolution
		Debug|Any CPU = Debug|Any CPU
		Debug|ARM = Debug|ARM
		Debug|ARM64 = Debug|ARM64
		Debug|x64 = Debug|x64
		Debug|x86 = Debug|x86
		PuttyDllDebug|Any CPU = PuttyDllDebug|Any CPU
		PuttyDllDebug|ARM = PuttyDllDebug|ARM
		PuttyDllDebug|ARM64 = PuttyDllDebug|ARM64
		PuttyDllDebug|x64 = PuttyDllDebug|x64
		PuttyDllDebug|x86 = PuttyDllDebug|x86
		Release|Any CPU = Release|Any CPU
		Release|ARM = Release|ARM
		Release|ARM64 = Release|ARM64
		Release|x64 = Release|x64
		Release|x86 = Release|x86
	EndGlobalSection
	GlobalSection(ProjectConfigurationPlatforms) = postSolution
		{2409C96E-18FC-4420-A755-A2509F3B33C2}.Debug|Any CPU.ActiveCfg = Debug|x86
		{2409C96E-18FC-4420-A755-A2509F3B33C2}.Debug|Any CPU.Build.0 = Debug|x86
		{2409C96E-18FC-4420-A755-A2509F3B33C2}.Debug|ARM.ActiveCfg = Debug|x86
		{2409C96E-18FC-4420-A755-A2509F3B33C2}.Debug|ARM64.ActiveCfg = Debug|x86
		{2409C96E-18FC-4420-A755-A2509F3B33C2}.Debug|x64.ActiveCfg = Debug|x86
		{2409C96E-18FC-4420-A755-A2509F3B33C2}.Debug|x86.ActiveCfg = Debug|x86
		{2409C96E-18FC-4420-A755-A2509F3B33C2}.Debug|x86.Build.0 = Debug|x86
		{2409C96E-18FC-4420-A755-A2509F3B33C2}.PuttyDllDebug|Any CPU.ActiveCfg = Debug|x86
		{2409C96E-18FC-4420-A755-A2509F3B33C2}.PuttyDllDebug|Any CPU.Build.0 = Debug|x86
		{2409C96E-18FC-4420-A755-A2509F3B33C2}.PuttyDllDebug|ARM.ActiveCfg = PuttyDllDebug|x86
		{2409C96E-18FC-4420-A755-A2509F3B33C2}.PuttyDllDebug|ARM64.ActiveCfg = PuttyDllDebug|x86
		{2409C96E-18FC-4420-A755-A2509F3B33C2}.PuttyDllDebug|x64.ActiveCfg = PuttyDllDebug|x64
		{2409C96E-18FC-4420-A755-A2509F3B33C2}.PuttyDllDebug|x64.Build.0 = PuttyDllDebug|x64
		{2409C96E-18FC-4420-A755-A2509F3B33C2}.PuttyDllDebug|x86.ActiveCfg = PuttyDllDebug|x86
		{2409C96E-18FC-4420-A755-A2509F3B33C2}.PuttyDllDebug|x86.Build.0 = PuttyDllDebug|x86
		{2409C96E-18FC-4420-A755-A2509F3B33C2}.Release|Any CPU.ActiveCfg = Release|x86
		{2409C96E-18FC-4420-A755-A2509F3B33C2}.Release|Any CPU.Build.0 = Release|x86
		{2409C96E-18FC-4420-A755-A2509F3B33C2}.Release|ARM.ActiveCfg = Release|x86
		{2409C96E-18FC-4420-A755-A2509F3B33C2}.Release|ARM64.ActiveCfg = Release|x86
		{2409C96E-18FC-4420-A755-A2509F3B33C2}.Release|x64.ActiveCfg = Release|x86
		{2409C96E-18FC-4420-A755-A2509F3B33C2}.Release|x64.Build.0 = Release|x86
		{2409C96E-18FC-4420-A755-A2509F3B33C2}.Release|x86.ActiveCfg = Release|x86
		{2409C96E-18FC-4420-A755-A2509F3B33C2}.Release|x86.Build.0 = Release|x86
		{8F44624A-D188-4188-B9AA-5F99F20723E1}.Debug|Any CPU.ActiveCfg = Release|Win32
		{8F44624A-D188-4188-B9AA-5F99F20723E1}.Debug|ARM.ActiveCfg = Release|Win32
		{8F44624A-D188-4188-B9AA-5F99F20723E1}.Debug|ARM64.ActiveCfg = Release|Win32
		{8F44624A-D188-4188-B9AA-5F99F20723E1}.Debug|x64.ActiveCfg = Release|x64
		{8F44624A-D188-4188-B9AA-5F99F20723E1}.Debug|x86.ActiveCfg = Release|Win32
		{8F44624A-D188-4188-B9AA-5F99F20723E1}.Debug|x86.Build.0 = Release|Win32
		{8F44624A-D188-4188-B9AA-5F99F20723E1}.PuttyDllDebug|Any CPU.ActiveCfg = Release|Win32
		{8F44624A-D188-4188-B9AA-5F99F20723E1}.PuttyDllDebug|Any CPU.Build.0 = Release|Win32
		{8F44624A-D188-4188-B9AA-5F99F20723E1}.PuttyDllDebug|ARM.ActiveCfg = PuttyDllDebug|Win32
		{8F44624A-D188-4188-B9AA-5F99F20723E1}.PuttyDllDebug|ARM64.ActiveCfg = PuttyDllDebug|Win32
		{8F44624A-D188-4188-B9AA-5F99F20723E1}.PuttyDllDebug|x64.ActiveCfg = Release|x64
		{8F44624A-D188-4188-B9AA-5F99F20723E1}.PuttyDllDebug|x86.ActiveCfg = PuttyDllDebug|Win32
		{8F44624A-D188-4188-B9AA-5F99F20723E1}.Release|Any CPU.ActiveCfg = Release|Win32
		{8F44624A-D188-4188-B9AA-5F99F20723E1}.Release|Any CPU.Build.0 = Release|Win32
		{8F44624A-D188-4188-B9AA-5F99F20723E1}.Release|ARM.ActiveCfg = Release|Win32
		{8F44624A-D188-4188-B9AA-5F99F20723E1}.Release|ARM64.ActiveCfg = Release|Win32
		{8F44624A-D188-4188-B9AA-5F99F20723E1}.Release|x64.ActiveCfg = Release|Win32
		{8F44624A-D188-4188-B9AA-5F99F20723E1}.Release|x64.Build.0 = Release|Win32
		{8F44624A-D188-4188-B9AA-5F99F20723E1}.Release|x86.ActiveCfg = Release|Win32
		{8F44624A-D188-4188-B9AA-5F99F20723E1}.Release|x86.Build.0 = Release|Win32
		{30F98677-FEA1-4F97-8031-EFA331DCCF08}.Debug|Any CPU.ActiveCfg = Debug|Any CPU
		{30F98677-FEA1-4F97-8031-EFA331DCCF08}.Debug|Any CPU.Build.0 = Debug|Any CPU
		{30F98677-FEA1-4F97-8031-EFA331DCCF08}.Debug|ARM.ActiveCfg = Debug|Any CPU
		{30F98677-FEA1-4F97-8031-EFA331DCCF08}.Debug|ARM.Build.0 = Debug|Any CPU
		{30F98677-FEA1-4F97-8031-EFA331DCCF08}.Debug|ARM64.ActiveCfg = Debug|Any CPU
		{30F98677-FEA1-4F97-8031-EFA331DCCF08}.Debug|ARM64.Build.0 = Debug|Any CPU
		{30F98677-FEA1-4F97-8031-EFA331DCCF08}.Debug|x64.ActiveCfg = Debug|Any CPU
		{30F98677-FEA1-4F97-8031-EFA331DCCF08}.Debug|x64.Build.0 = Debug|Any CPU
		{30F98677-FEA1-4F97-8031-EFA331DCCF08}.Debug|x86.ActiveCfg = Debug|Any CPU
		{30F98677-FEA1-4F97-8031-EFA331DCCF08}.Debug|x86.Build.0 = Debug|Any CPU
		{30F98677-FEA1-4F97-8031-EFA331DCCF08}.PuttyDllDebug|Any CPU.ActiveCfg = Debug|Any CPU
		{30F98677-FEA1-4F97-8031-EFA331DCCF08}.PuttyDllDebug|Any CPU.Build.0 = Debug|Any CPU
		{30F98677-FEA1-4F97-8031-EFA331DCCF08}.PuttyDllDebug|ARM.ActiveCfg = Debug|Any CPU
		{30F98677-FEA1-4F97-8031-EFA331DCCF08}.PuttyDllDebug|ARM.Build.0 = Debug|Any CPU
		{30F98677-FEA1-4F97-8031-EFA331DCCF08}.PuttyDllDebug|ARM64.ActiveCfg = Debug|Any CPU
		{30F98677-FEA1-4F97-8031-EFA331DCCF08}.PuttyDllDebug|ARM64.Build.0 = Debug|Any CPU
		{30F98677-FEA1-4F97-8031-EFA331DCCF08}.PuttyDllDebug|x64.ActiveCfg = Debug|Any CPU
		{30F98677-FEA1-4F97-8031-EFA331DCCF08}.PuttyDllDebug|x64.Build.0 = Debug|Any CPU
		{30F98677-FEA1-4F97-8031-EFA331DCCF08}.PuttyDllDebug|x86.ActiveCfg = Debug|Any CPU
		{30F98677-FEA1-4F97-8031-EFA331DCCF08}.PuttyDllDebug|x86.Build.0 = Debug|Any CPU
		{30F98677-FEA1-4F97-8031-EFA331DCCF08}.Release|Any CPU.ActiveCfg = Release|Any CPU
		{30F98677-FEA1-4F97-8031-EFA331DCCF08}.Release|Any CPU.Build.0 = Release|Any CPU
		{30F98677-FEA1-4F97-8031-EFA331DCCF08}.Release|ARM.ActiveCfg = Release|Any CPU
		{30F98677-FEA1-4F97-8031-EFA331DCCF08}.Release|ARM.Build.0 = Release|Any CPU
		{30F98677-FEA1-4F97-8031-EFA331DCCF08}.Release|ARM64.ActiveCfg = Release|Any CPU
		{30F98677-FEA1-4F97-8031-EFA331DCCF08}.Release|ARM64.Build.0 = Release|Any CPU
		{30F98677-FEA1-4F97-8031-EFA331DCCF08}.Release|x64.ActiveCfg = Release|Any CPU
		{30F98677-FEA1-4F97-8031-EFA331DCCF08}.Release|x64.Build.0 = Release|Any CPU
		{30F98677-FEA1-4F97-8031-EFA331DCCF08}.Release|x86.ActiveCfg = Release|Any CPU
		{30F98677-FEA1-4F97-8031-EFA331DCCF08}.Release|x86.Build.0 = Release|Any CPU
		{84DFB055-AACF-4744-8B11-E88379C161D7}.Debug|Any CPU.ActiveCfg = Debug|Any CPU
		{84DFB055-AACF-4744-8B11-E88379C161D7}.Debug|Any CPU.Build.0 = Debug|Any CPU
		{84DFB055-AACF-4744-8B11-E88379C161D7}.Debug|ARM.ActiveCfg = Debug|Any CPU
		{84DFB055-AACF-4744-8B11-E88379C161D7}.Debug|ARM.Build.0 = Debug|Any CPU
		{84DFB055-AACF-4744-8B11-E88379C161D7}.Debug|ARM64.ActiveCfg = Debug|Any CPU
		{84DFB055-AACF-4744-8B11-E88379C161D7}.Debug|ARM64.Build.0 = Debug|Any CPU
		{84DFB055-AACF-4744-8B11-E88379C161D7}.Debug|x64.ActiveCfg = Debug|Any CPU
		{84DFB055-AACF-4744-8B11-E88379C161D7}.Debug|x64.Build.0 = Debug|Any CPU
		{84DFB055-AACF-4744-8B11-E88379C161D7}.Debug|x86.ActiveCfg = Debug|Any CPU
		{84DFB055-AACF-4744-8B11-E88379C161D7}.Debug|x86.Build.0 = Debug|Any CPU
		{84DFB055-AACF-4744-8B11-E88379C161D7}.PuttyDllDebug|Any CPU.ActiveCfg = Debug|Any CPU
		{84DFB055-AACF-4744-8B11-E88379C161D7}.PuttyDllDebug|Any CPU.Build.0 = Debug|Any CPU
		{84DFB055-AACF-4744-8B11-E88379C161D7}.PuttyDllDebug|ARM.ActiveCfg = Debug|Any CPU
		{84DFB055-AACF-4744-8B11-E88379C161D7}.PuttyDllDebug|ARM.Build.0 = Debug|Any CPU
		{84DFB055-AACF-4744-8B11-E88379C161D7}.PuttyDllDebug|ARM64.ActiveCfg = Debug|Any CPU
		{84DFB055-AACF-4744-8B11-E88379C161D7}.PuttyDllDebug|ARM64.Build.0 = Debug|Any CPU
		{84DFB055-AACF-4744-8B11-E88379C161D7}.PuttyDllDebug|x64.ActiveCfg = Debug|Any CPU
		{84DFB055-AACF-4744-8B11-E88379C161D7}.PuttyDllDebug|x64.Build.0 = Debug|Any CPU
		{84DFB055-AACF-4744-8B11-E88379C161D7}.PuttyDllDebug|x86.ActiveCfg = Debug|Any CPU
		{84DFB055-AACF-4744-8B11-E88379C161D7}.PuttyDllDebug|x86.Build.0 = Debug|Any CPU
		{84DFB055-AACF-4744-8B11-E88379C161D7}.Release|Any CPU.ActiveCfg = Release|Any CPU
		{84DFB055-AACF-4744-8B11-E88379C161D7}.Release|Any CPU.Build.0 = Release|Any CPU
		{84DFB055-AACF-4744-8B11-E88379C161D7}.Release|ARM.ActiveCfg = Release|Any CPU
		{84DFB055-AACF-4744-8B11-E88379C161D7}.Release|ARM.Build.0 = Release|Any CPU
		{84DFB055-AACF-4744-8B11-E88379C161D7}.Release|ARM64.ActiveCfg = Release|Any CPU
		{84DFB055-AACF-4744-8B11-E88379C161D7}.Release|ARM64.Build.0 = Release|Any CPU
		{84DFB055-AACF-4744-8B11-E88379C161D7}.Release|x64.ActiveCfg = Release|Any CPU
		{84DFB055-AACF-4744-8B11-E88379C161D7}.Release|x64.Build.0 = Release|Any CPU
		{84DFB055-AACF-4744-8B11-E88379C161D7}.Release|x86.ActiveCfg = Release|Any CPU
		{84DFB055-AACF-4744-8B11-E88379C161D7}.Release|x86.Build.0 = Release|Any CPU
		{0D491035-AF37-4F50-861F-FDF6A3248943}.Debug|Any CPU.ActiveCfg = Debug|Any CPU
		{0D491035-AF37-4F50-861F-FDF6A3248943}.Debug|Any CPU.Build.0 = Debug|Any CPU
		{0D491035-AF37-4F50-861F-FDF6A3248943}.Debug|ARM.ActiveCfg = Debug|Any CPU
		{0D491035-AF37-4F50-861F-FDF6A3248943}.Debug|ARM.Build.0 = Debug|Any CPU
		{0D491035-AF37-4F50-861F-FDF6A3248943}.Debug|ARM64.ActiveCfg = Debug|Any CPU
		{0D491035-AF37-4F50-861F-FDF6A3248943}.Debug|ARM64.Build.0 = Debug|Any CPU
		{0D491035-AF37-4F50-861F-FDF6A3248943}.Debug|x64.ActiveCfg = Debug|Any CPU
		{0D491035-AF37-4F50-861F-FDF6A3248943}.Debug|x64.Build.0 = Debug|Any CPU
		{0D491035-AF37-4F50-861F-FDF6A3248943}.Debug|x86.ActiveCfg = Debug|Any CPU
		{0D491035-AF37-4F50-861F-FDF6A3248943}.Debug|x86.Build.0 = Debug|Any CPU
		{0D491035-AF37-4F50-861F-FDF6A3248943}.PuttyDllDebug|Any CPU.ActiveCfg = Debug|Any CPU
		{0D491035-AF37-4F50-861F-FDF6A3248943}.PuttyDllDebug|Any CPU.Build.0 = Debug|Any CPU
		{0D491035-AF37-4F50-861F-FDF6A3248943}.PuttyDllDebug|ARM.ActiveCfg = Debug|Any CPU
		{0D491035-AF37-4F50-861F-FDF6A3248943}.PuttyDllDebug|ARM.Build.0 = Debug|Any CPU
		{0D491035-AF37-4F50-861F-FDF6A3248943}.PuttyDllDebug|ARM64.ActiveCfg = Debug|Any CPU
		{0D491035-AF37-4F50-861F-FDF6A3248943}.PuttyDllDebug|ARM64.Build.0 = Debug|Any CPU
		{0D491035-AF37-4F50-861F-FDF6A3248943}.PuttyDllDebug|x64.ActiveCfg = Debug|Any CPU
		{0D491035-AF37-4F50-861F-FDF6A3248943}.PuttyDllDebug|x64.Build.0 = Debug|Any CPU
		{0D491035-AF37-4F50-861F-FDF6A3248943}.PuttyDllDebug|x86.ActiveCfg = Debug|Any CPU
		{0D491035-AF37-4F50-861F-FDF6A3248943}.PuttyDllDebug|x86.Build.0 = Debug|Any CPU
		{0D491035-AF37-4F50-861F-FDF6A3248943}.Release|Any CPU.ActiveCfg = Release|Any CPU
		{0D491035-AF37-4F50-861F-FDF6A3248943}.Release|Any CPU.Build.0 = Release|Any CPU
		{0D491035-AF37-4F50-861F-FDF6A3248943}.Release|ARM.ActiveCfg = Release|Any CPU
		{0D491035-AF37-4F50-861F-FDF6A3248943}.Release|ARM.Build.0 = Release|Any CPU
		{0D491035-AF37-4F50-861F-FDF6A3248943}.Release|ARM64.ActiveCfg = Release|Any CPU
		{0D491035-AF37-4F50-861F-FDF6A3248943}.Release|ARM64.Build.0 = Release|Any CPU
		{0D491035-AF37-4F50-861F-FDF6A3248943}.Release|x64.ActiveCfg = Release|Any CPU
		{0D491035-AF37-4F50-861F-FDF6A3248943}.Release|x64.Build.0 = Release|Any CPU
		{0D491035-AF37-4F50-861F-FDF6A3248943}.Release|x86.ActiveCfg = Release|Any CPU
		{0D491035-AF37-4F50-861F-FDF6A3248943}.Release|x86.Build.0 = Release|Any CPU
		{519ACC71-26B1-4312-AD42-231965817F20}.Debug|Any CPU.ActiveCfg = Debug|Any CPU
		{519ACC71-26B1-4312-AD42-231965817F20}.Debug|Any CPU.Build.0 = Debug|Any CPU
		{519ACC71-26B1-4312-AD42-231965817F20}.Debug|ARM.ActiveCfg = Debug|Any CPU
		{519ACC71-26B1-4312-AD42-231965817F20}.Debug|ARM.Build.0 = Debug|Any CPU
		{519ACC71-26B1-4312-AD42-231965817F20}.Debug|ARM64.ActiveCfg = Debug|Any CPU
		{519ACC71-26B1-4312-AD42-231965817F20}.Debug|ARM64.Build.0 = Debug|Any CPU
		{519ACC71-26B1-4312-AD42-231965817F20}.Debug|x64.ActiveCfg = Debug|Any CPU
		{519ACC71-26B1-4312-AD42-231965817F20}.Debug|x64.Build.0 = Debug|Any CPU
		{519ACC71-26B1-4312-AD42-231965817F20}.Debug|x86.ActiveCfg = Debug|Any CPU
		{519ACC71-26B1-4312-AD42-231965817F20}.Debug|x86.Build.0 = Debug|Any CPU
		{519ACC71-26B1-4312-AD42-231965817F20}.PuttyDllDebug|Any CPU.ActiveCfg = Debug|Any CPU
		{519ACC71-26B1-4312-AD42-231965817F20}.PuttyDllDebug|Any CPU.Build.0 = Debug|Any CPU
		{519ACC71-26B1-4312-AD42-231965817F20}.PuttyDllDebug|ARM.ActiveCfg = Debug|Any CPU
		{519ACC71-26B1-4312-AD42-231965817F20}.PuttyDllDebug|ARM.Build.0 = Debug|Any CPU
		{519ACC71-26B1-4312-AD42-231965817F20}.PuttyDllDebug|ARM64.ActiveCfg = Debug|Any CPU
		{519ACC71-26B1-4312-AD42-231965817F20}.PuttyDllDebug|ARM64.Build.0 = Debug|Any CPU
		{519ACC71-26B1-4312-AD42-231965817F20}.PuttyDllDebug|x64.ActiveCfg = Debug|Any CPU
		{519ACC71-26B1-4312-AD42-231965817F20}.PuttyDllDebug|x64.Build.0 = Debug|Any CPU
		{519ACC71-26B1-4312-AD42-231965817F20}.PuttyDllDebug|x86.ActiveCfg = Debug|Any CPU
		{519ACC71-26B1-4312-AD42-231965817F20}.PuttyDllDebug|x86.Build.0 = Debug|Any CPU
		{519ACC71-26B1-4312-AD42-231965817F20}.Release|Any CPU.ActiveCfg = Release|Any CPU
		{519ACC71-26B1-4312-AD42-231965817F20}.Release|Any CPU.Build.0 = Release|Any CPU
		{519ACC71-26B1-4312-AD42-231965817F20}.Release|ARM.ActiveCfg = Release|Any CPU
		{519ACC71-26B1-4312-AD42-231965817F20}.Release|ARM.Build.0 = Release|Any CPU
		{519ACC71-26B1-4312-AD42-231965817F20}.Release|ARM64.ActiveCfg = Release|Any CPU
		{519ACC71-26B1-4312-AD42-231965817F20}.Release|ARM64.Build.0 = Release|Any CPU
		{519ACC71-26B1-4312-AD42-231965817F20}.Release|x64.ActiveCfg = Release|Any CPU
		{519ACC71-26B1-4312-AD42-231965817F20}.Release|x64.Build.0 = Release|Any CPU
		{519ACC71-26B1-4312-AD42-231965817F20}.Release|x86.ActiveCfg = Release|Any CPU
		{519ACC71-26B1-4312-AD42-231965817F20}.Release|x86.Build.0 = Release|Any CPU
		{22EAEBEF-5AAC-4A39-979F-098BA2D4065D}.Debug|Any CPU.ActiveCfg = Debug|Any CPU
		{22EAEBEF-5AAC-4A39-979F-098BA2D4065D}.Debug|Any CPU.Build.0 = Debug|Any CPU
		{22EAEBEF-5AAC-4A39-979F-098BA2D4065D}.Debug|Any CPU.Deploy.0 = Debug|Any CPU
		{22EAEBEF-5AAC-4A39-979F-098BA2D4065D}.Debug|ARM.ActiveCfg = Debug|Any CPU
		{22EAEBEF-5AAC-4A39-979F-098BA2D4065D}.Debug|ARM.Build.0 = Debug|Any CPU
		{22EAEBEF-5AAC-4A39-979F-098BA2D4065D}.Debug|ARM.Deploy.0 = Debug|Any CPU
		{22EAEBEF-5AAC-4A39-979F-098BA2D4065D}.Debug|ARM64.ActiveCfg = Debug|Any CPU
		{22EAEBEF-5AAC-4A39-979F-098BA2D4065D}.Debug|ARM64.Build.0 = Debug|Any CPU
		{22EAEBEF-5AAC-4A39-979F-098BA2D4065D}.Debug|ARM64.Deploy.0 = Debug|Any CPU
		{22EAEBEF-5AAC-4A39-979F-098BA2D4065D}.Debug|x64.ActiveCfg = Debug|Any CPU
		{22EAEBEF-5AAC-4A39-979F-098BA2D4065D}.Debug|x64.Build.0 = Debug|Any CPU
		{22EAEBEF-5AAC-4A39-979F-098BA2D4065D}.Debug|x64.Deploy.0 = Debug|Any CPU
		{22EAEBEF-5AAC-4A39-979F-098BA2D4065D}.Debug|x86.ActiveCfg = Debug|Any CPU
		{22EAEBEF-5AAC-4A39-979F-098BA2D4065D}.Debug|x86.Build.0 = Debug|Any CPU
		{22EAEBEF-5AAC-4A39-979F-098BA2D4065D}.Debug|x86.Deploy.0 = Debug|Any CPU
		{22EAEBEF-5AAC-4A39-979F-098BA2D4065D}.PuttyDllDebug|Any CPU.ActiveCfg = Debug|Any CPU
		{22EAEBEF-5AAC-4A39-979F-098BA2D4065D}.PuttyDllDebug|Any CPU.Build.0 = Debug|Any CPU
		{22EAEBEF-5AAC-4A39-979F-098BA2D4065D}.PuttyDllDebug|Any CPU.Deploy.0 = Debug|Any CPU
		{22EAEBEF-5AAC-4A39-979F-098BA2D4065D}.PuttyDllDebug|ARM.ActiveCfg = Debug|Any CPU
		{22EAEBEF-5AAC-4A39-979F-098BA2D4065D}.PuttyDllDebug|ARM.Build.0 = Debug|Any CPU
		{22EAEBEF-5AAC-4A39-979F-098BA2D4065D}.PuttyDllDebug|ARM.Deploy.0 = Debug|Any CPU
		{22EAEBEF-5AAC-4A39-979F-098BA2D4065D}.PuttyDllDebug|ARM64.ActiveCfg = Debug|Any CPU
		{22EAEBEF-5AAC-4A39-979F-098BA2D4065D}.PuttyDllDebug|ARM64.Build.0 = Debug|Any CPU
		{22EAEBEF-5AAC-4A39-979F-098BA2D4065D}.PuttyDllDebug|ARM64.Deploy.0 = Debug|Any CPU
		{22EAEBEF-5AAC-4A39-979F-098BA2D4065D}.PuttyDllDebug|x64.ActiveCfg = Debug|Any CPU
		{22EAEBEF-5AAC-4A39-979F-098BA2D4065D}.PuttyDllDebug|x64.Build.0 = Debug|Any CPU
		{22EAEBEF-5AAC-4A39-979F-098BA2D4065D}.PuttyDllDebug|x64.Deploy.0 = Debug|Any CPU
		{22EAEBEF-5AAC-4A39-979F-098BA2D4065D}.PuttyDllDebug|x86.ActiveCfg = Debug|Any CPU
		{22EAEBEF-5AAC-4A39-979F-098BA2D4065D}.PuttyDllDebug|x86.Build.0 = Debug|Any CPU
		{22EAEBEF-5AAC-4A39-979F-098BA2D4065D}.PuttyDllDebug|x86.Deploy.0 = Debug|Any CPU
		{22EAEBEF-5AAC-4A39-979F-098BA2D4065D}.Release|Any CPU.ActiveCfg = Release|Any CPU
		{22EAEBEF-5AAC-4A39-979F-098BA2D4065D}.Release|Any CPU.Build.0 = Release|Any CPU
		{22EAEBEF-5AAC-4A39-979F-098BA2D4065D}.Release|Any CPU.Deploy.0 = Release|Any CPU
		{22EAEBEF-5AAC-4A39-979F-098BA2D4065D}.Release|ARM.ActiveCfg = Release|Any CPU
		{22EAEBEF-5AAC-4A39-979F-098BA2D4065D}.Release|ARM.Build.0 = Release|Any CPU
		{22EAEBEF-5AAC-4A39-979F-098BA2D4065D}.Release|ARM.Deploy.0 = Release|Any CPU
		{22EAEBEF-5AAC-4A39-979F-098BA2D4065D}.Release|ARM64.ActiveCfg = Release|Any CPU
		{22EAEBEF-5AAC-4A39-979F-098BA2D4065D}.Release|ARM64.Build.0 = Release|Any CPU
		{22EAEBEF-5AAC-4A39-979F-098BA2D4065D}.Release|ARM64.Deploy.0 = Release|Any CPU
		{22EAEBEF-5AAC-4A39-979F-098BA2D4065D}.Release|x64.ActiveCfg = Release|Any CPU
		{22EAEBEF-5AAC-4A39-979F-098BA2D4065D}.Release|x64.Build.0 = Release|Any CPU
		{22EAEBEF-5AAC-4A39-979F-098BA2D4065D}.Release|x64.Deploy.0 = Release|Any CPU
		{22EAEBEF-5AAC-4A39-979F-098BA2D4065D}.Release|x86.ActiveCfg = Release|Any CPU
		{22EAEBEF-5AAC-4A39-979F-098BA2D4065D}.Release|x86.Build.0 = Release|Any CPU
		{22EAEBEF-5AAC-4A39-979F-098BA2D4065D}.Release|x86.Deploy.0 = Release|Any CPU
		{4D673517-D6AB-429C-AB59-331A9B4103D6}.Debug|Any CPU.ActiveCfg = Debug|Any CPU
		{4D673517-D6AB-429C-AB59-331A9B4103D6}.Debug|Any CPU.Build.0 = Debug|Any CPU
		{4D673517-D6AB-429C-AB59-331A9B4103D6}.Debug|ARM.ActiveCfg = Debug|Any CPU
		{4D673517-D6AB-429C-AB59-331A9B4103D6}.Debug|ARM.Build.0 = Debug|Any CPU
		{4D673517-D6AB-429C-AB59-331A9B4103D6}.Debug|ARM64.ActiveCfg = Debug|Any CPU
		{4D673517-D6AB-429C-AB59-331A9B4103D6}.Debug|ARM64.Build.0 = Debug|Any CPU
		{4D673517-D6AB-429C-AB59-331A9B4103D6}.Debug|x64.ActiveCfg = Debug|Any CPU
		{4D673517-D6AB-429C-AB59-331A9B4103D6}.Debug|x64.Build.0 = Debug|Any CPU
		{4D673517-D6AB-429C-AB59-331A9B4103D6}.Debug|x86.ActiveCfg = Debug|Any CPU
		{4D673517-D6AB-429C-AB59-331A9B4103D6}.Debug|x86.Build.0 = Debug|Any CPU
		{4D673517-D6AB-429C-AB59-331A9B4103D6}.PuttyDllDebug|Any CPU.ActiveCfg = Debug|Any CPU
		{4D673517-D6AB-429C-AB59-331A9B4103D6}.PuttyDllDebug|Any CPU.Build.0 = Debug|Any CPU
		{4D673517-D6AB-429C-AB59-331A9B4103D6}.PuttyDllDebug|ARM.ActiveCfg = Debug|Any CPU
		{4D673517-D6AB-429C-AB59-331A9B4103D6}.PuttyDllDebug|ARM.Build.0 = Debug|Any CPU
		{4D673517-D6AB-429C-AB59-331A9B4103D6}.PuttyDllDebug|ARM64.ActiveCfg = Debug|Any CPU
		{4D673517-D6AB-429C-AB59-331A9B4103D6}.PuttyDllDebug|ARM64.Build.0 = Debug|Any CPU
		{4D673517-D6AB-429C-AB59-331A9B4103D6}.PuttyDllDebug|x64.ActiveCfg = Debug|Any CPU
		{4D673517-D6AB-429C-AB59-331A9B4103D6}.PuttyDllDebug|x64.Build.0 = Debug|Any CPU
		{4D673517-D6AB-429C-AB59-331A9B4103D6}.PuttyDllDebug|x86.ActiveCfg = Debug|Any CPU
		{4D673517-D6AB-429C-AB59-331A9B4103D6}.PuttyDllDebug|x86.Build.0 = Debug|Any CPU
		{4D673517-D6AB-429C-AB59-331A9B4103D6}.Release|Any CPU.ActiveCfg = Release|Any CPU
		{4D673517-D6AB-429C-AB59-331A9B4103D6}.Release|Any CPU.Build.0 = Release|Any CPU
		{4D673517-D6AB-429C-AB59-331A9B4103D6}.Release|ARM.ActiveCfg = Release|Any CPU
		{4D673517-D6AB-429C-AB59-331A9B4103D6}.Release|ARM.Build.0 = Release|Any CPU
		{4D673517-D6AB-429C-AB59-331A9B4103D6}.Release|ARM64.ActiveCfg = Release|Any CPU
		{4D673517-D6AB-429C-AB59-331A9B4103D6}.Release|ARM64.Build.0 = Release|Any CPU
		{4D673517-D6AB-429C-AB59-331A9B4103D6}.Release|x64.ActiveCfg = Release|Any CPU
		{4D673517-D6AB-429C-AB59-331A9B4103D6}.Release|x64.Build.0 = Release|Any CPU
		{4D673517-D6AB-429C-AB59-331A9B4103D6}.Release|x86.ActiveCfg = Release|Any CPU
		{4D673517-D6AB-429C-AB59-331A9B4103D6}.Release|x86.Build.0 = Release|Any CPU
		{CB0A5249-3A72-4019-8F76-0A25371883E8}.Debug|Any CPU.ActiveCfg = Release|x86
		{CB0A5249-3A72-4019-8F76-0A25371883E8}.Debug|ARM.ActiveCfg = Release|ARM
		{CB0A5249-3A72-4019-8F76-0A25371883E8}.Debug|ARM.Build.0 = Release|ARM
		{CB0A5249-3A72-4019-8F76-0A25371883E8}.Debug|ARM64.ActiveCfg = Release|ARM64
		{CB0A5249-3A72-4019-8F76-0A25371883E8}.Debug|ARM64.Build.0 = Release|ARM64
		{CB0A5249-3A72-4019-8F76-0A25371883E8}.Debug|x64.ActiveCfg = Release|x64
		{CB0A5249-3A72-4019-8F76-0A25371883E8}.Debug|x64.Build.0 = Release|x64
		{CB0A5249-3A72-4019-8F76-0A25371883E8}.Debug|x86.ActiveCfg = Release|x86
		{CB0A5249-3A72-4019-8F76-0A25371883E8}.Debug|x86.Build.0 = Release|x86
		{CB0A5249-3A72-4019-8F76-0A25371883E8}.PuttyDllDebug|Any CPU.ActiveCfg = Release|x86
		{CB0A5249-3A72-4019-8F76-0A25371883E8}.PuttyDllDebug|Any CPU.Build.0 = Release|x86
		{CB0A5249-3A72-4019-8F76-0A25371883E8}.PuttyDllDebug|ARM.ActiveCfg = Debug|ARM
		{CB0A5249-3A72-4019-8F76-0A25371883E8}.PuttyDllDebug|ARM.Build.0 = Debug|ARM
		{CB0A5249-3A72-4019-8F76-0A25371883E8}.PuttyDllDebug|ARM64.ActiveCfg = Debug|ARM64
		{CB0A5249-3A72-4019-8F76-0A25371883E8}.PuttyDllDebug|ARM64.Build.0 = Debug|ARM64
		{CB0A5249-3A72-4019-8F76-0A25371883E8}.PuttyDllDebug|x64.ActiveCfg = Debug|x64
		{CB0A5249-3A72-4019-8F76-0A25371883E8}.PuttyDllDebug|x64.Build.0 = Debug|x64
		{CB0A5249-3A72-4019-8F76-0A25371883E8}.PuttyDllDebug|x86.ActiveCfg = Debug|x86
		{CB0A5249-3A72-4019-8F76-0A25371883E8}.PuttyDllDebug|x86.Build.0 = Debug|x86
		{CB0A5249-3A72-4019-8F76-0A25371883E8}.Release|Any CPU.ActiveCfg = Release|x86
		{CB0A5249-3A72-4019-8F76-0A25371883E8}.Release|ARM.ActiveCfg = Release|ARM
		{CB0A5249-3A72-4019-8F76-0A25371883E8}.Release|ARM.Build.0 = Release|ARM
		{CB0A5249-3A72-4019-8F76-0A25371883E8}.Release|ARM64.ActiveCfg = Release|ARM64
		{CB0A5249-3A72-4019-8F76-0A25371883E8}.Release|ARM64.Build.0 = Release|ARM64
		{CB0A5249-3A72-4019-8F76-0A25371883E8}.Release|x64.ActiveCfg = Release|x64
		{CB0A5249-3A72-4019-8F76-0A25371883E8}.Release|x64.Build.0 = Release|x64
		{CB0A5249-3A72-4019-8F76-0A25371883E8}.Release|x86.ActiveCfg = Release|x86
		{CB0A5249-3A72-4019-8F76-0A25371883E8}.Release|x86.Build.0 = Release|x86
		{CCE78887-B6B1-4DC8-A92A-AF8A07F70CA4}.Debug|Any CPU.ActiveCfg = Debug|Any CPU
		{CCE78887-B6B1-4DC8-A92A-AF8A07F70CA4}.Debug|Any CPU.Build.0 = Debug|Any CPU
		{CCE78887-B6B1-4DC8-A92A-AF8A07F70CA4}.Debug|ARM.ActiveCfg = Debug|Any CPU
		{CCE78887-B6B1-4DC8-A92A-AF8A07F70CA4}.Debug|ARM.Build.0 = Debug|Any CPU
		{CCE78887-B6B1-4DC8-A92A-AF8A07F70CA4}.Debug|ARM64.ActiveCfg = Debug|Any CPU
		{CCE78887-B6B1-4DC8-A92A-AF8A07F70CA4}.Debug|ARM64.Build.0 = Debug|Any CPU
		{CCE78887-B6B1-4DC8-A92A-AF8A07F70CA4}.Debug|x64.ActiveCfg = Debug|Any CPU
		{CCE78887-B6B1-4DC8-A92A-AF8A07F70CA4}.Debug|x64.Build.0 = Debug|Any CPU
		{CCE78887-B6B1-4DC8-A92A-AF8A07F70CA4}.Debug|x86.ActiveCfg = Debug|Any CPU
		{CCE78887-B6B1-4DC8-A92A-AF8A07F70CA4}.Debug|x86.Build.0 = Debug|Any CPU
		{CCE78887-B6B1-4DC8-A92A-AF8A07F70CA4}.PuttyDllDebug|Any CPU.ActiveCfg = Debug|Any CPU
		{CCE78887-B6B1-4DC8-A92A-AF8A07F70CA4}.PuttyDllDebug|Any CPU.Build.0 = Debug|Any CPU
		{CCE78887-B6B1-4DC8-A92A-AF8A07F70CA4}.PuttyDllDebug|ARM.ActiveCfg = Debug|Any CPU
		{CCE78887-B6B1-4DC8-A92A-AF8A07F70CA4}.PuttyDllDebug|ARM.Build.0 = Debug|Any CPU
		{CCE78887-B6B1-4DC8-A92A-AF8A07F70CA4}.PuttyDllDebug|ARM64.ActiveCfg = Debug|Any CPU
		{CCE78887-B6B1-4DC8-A92A-AF8A07F70CA4}.PuttyDllDebug|ARM64.Build.0 = Debug|Any CPU
		{CCE78887-B6B1-4DC8-A92A-AF8A07F70CA4}.PuttyDllDebug|x64.ActiveCfg = Debug|Any CPU
		{CCE78887-B6B1-4DC8-A92A-AF8A07F70CA4}.PuttyDllDebug|x64.Build.0 = Debug|Any CPU
		{CCE78887-B6B1-4DC8-A92A-AF8A07F70CA4}.PuttyDllDebug|x86.ActiveCfg = Debug|Any CPU
		{CCE78887-B6B1-4DC8-A92A-AF8A07F70CA4}.PuttyDllDebug|x86.Build.0 = Debug|Any CPU
		{CCE78887-B6B1-4DC8-A92A-AF8A07F70CA4}.Release|Any CPU.ActiveCfg = Release|Any CPU
		{CCE78887-B6B1-4DC8-A92A-AF8A07F70CA4}.Release|Any CPU.Build.0 = Release|Any CPU
		{CCE78887-B6B1-4DC8-A92A-AF8A07F70CA4}.Release|ARM.ActiveCfg = Release|Any CPU
		{CCE78887-B6B1-4DC8-A92A-AF8A07F70CA4}.Release|ARM.Build.0 = Release|Any CPU
		{CCE78887-B6B1-4DC8-A92A-AF8A07F70CA4}.Release|ARM64.ActiveCfg = Release|Any CPU
		{CCE78887-B6B1-4DC8-A92A-AF8A07F70CA4}.Release|ARM64.Build.0 = Release|Any CPU
		{CCE78887-B6B1-4DC8-A92A-AF8A07F70CA4}.Release|x64.ActiveCfg = Release|Any CPU
		{CCE78887-B6B1-4DC8-A92A-AF8A07F70CA4}.Release|x64.Build.0 = Release|Any CPU
		{CCE78887-B6B1-4DC8-A92A-AF8A07F70CA4}.Release|x86.ActiveCfg = Release|Any CPU
		{CCE78887-B6B1-4DC8-A92A-AF8A07F70CA4}.Release|x86.Build.0 = Release|Any CPU
		{06E34DC8-9AFE-4C59-9D24-9EDE434798CF}.Debug|Any CPU.ActiveCfg = Debug|Any CPU
		{06E34DC8-9AFE-4C59-9D24-9EDE434798CF}.Debug|Any CPU.Build.0 = Debug|Any CPU
		{06E34DC8-9AFE-4C59-9D24-9EDE434798CF}.Debug|ARM.ActiveCfg = Debug|Any CPU
		{06E34DC8-9AFE-4C59-9D24-9EDE434798CF}.Debug|ARM.Build.0 = Debug|Any CPU
		{06E34DC8-9AFE-4C59-9D24-9EDE434798CF}.Debug|ARM64.ActiveCfg = Debug|Any CPU
		{06E34DC8-9AFE-4C59-9D24-9EDE434798CF}.Debug|ARM64.Build.0 = Debug|Any CPU
		{06E34DC8-9AFE-4C59-9D24-9EDE434798CF}.Debug|x64.ActiveCfg = Debug|Any CPU
		{06E34DC8-9AFE-4C59-9D24-9EDE434798CF}.Debug|x64.Build.0 = Debug|Any CPU
		{06E34DC8-9AFE-4C59-9D24-9EDE434798CF}.Debug|x86.ActiveCfg = Debug|Any CPU
		{06E34DC8-9AFE-4C59-9D24-9EDE434798CF}.Debug|x86.Build.0 = Debug|Any CPU
		{06E34DC8-9AFE-4C59-9D24-9EDE434798CF}.PuttyDllDebug|Any CPU.ActiveCfg = Debug|Any CPU
		{06E34DC8-9AFE-4C59-9D24-9EDE434798CF}.PuttyDllDebug|Any CPU.Build.0 = Debug|Any CPU
		{06E34DC8-9AFE-4C59-9D24-9EDE434798CF}.PuttyDllDebug|ARM.ActiveCfg = Debug|Any CPU
		{06E34DC8-9AFE-4C59-9D24-9EDE434798CF}.PuttyDllDebug|ARM.Build.0 = Debug|Any CPU
		{06E34DC8-9AFE-4C59-9D24-9EDE434798CF}.PuttyDllDebug|ARM64.ActiveCfg = Debug|Any CPU
		{06E34DC8-9AFE-4C59-9D24-9EDE434798CF}.PuttyDllDebug|ARM64.Build.0 = Debug|Any CPU
		{06E34DC8-9AFE-4C59-9D24-9EDE434798CF}.PuttyDllDebug|x64.ActiveCfg = Debug|Any CPU
		{06E34DC8-9AFE-4C59-9D24-9EDE434798CF}.PuttyDllDebug|x64.Build.0 = Debug|Any CPU
		{06E34DC8-9AFE-4C59-9D24-9EDE434798CF}.PuttyDllDebug|x86.ActiveCfg = Debug|Any CPU
		{06E34DC8-9AFE-4C59-9D24-9EDE434798CF}.PuttyDllDebug|x86.Build.0 = Debug|Any CPU
		{06E34DC8-9AFE-4C59-9D24-9EDE434798CF}.Release|Any CPU.ActiveCfg = Release|Any CPU
		{06E34DC8-9AFE-4C59-9D24-9EDE434798CF}.Release|Any CPU.Build.0 = Release|Any CPU
		{06E34DC8-9AFE-4C59-9D24-9EDE434798CF}.Release|ARM.ActiveCfg = Release|Any CPU
		{06E34DC8-9AFE-4C59-9D24-9EDE434798CF}.Release|ARM.Build.0 = Release|Any CPU
		{06E34DC8-9AFE-4C59-9D24-9EDE434798CF}.Release|ARM64.ActiveCfg = Release|Any CPU
		{06E34DC8-9AFE-4C59-9D24-9EDE434798CF}.Release|ARM64.Build.0 = Release|Any CPU
		{06E34DC8-9AFE-4C59-9D24-9EDE434798CF}.Release|x64.ActiveCfg = Release|Any CPU
		{06E34DC8-9AFE-4C59-9D24-9EDE434798CF}.Release|x64.Build.0 = Release|Any CPU
		{06E34DC8-9AFE-4C59-9D24-9EDE434798CF}.Release|x86.ActiveCfg = Release|Any CPU
		{06E34DC8-9AFE-4C59-9D24-9EDE434798CF}.Release|x86.Build.0 = Release|Any CPU
	EndGlobalSection
	GlobalSection(SolutionProperties) = preSolution
		HideSolutionNode = FALSE
	EndGlobalSection
	GlobalSection(ExtensibilityGlobals) = postSolution
		SolutionGuid = {D8CC3372-0800-4A78-9C08-6BA125EBB5ED}
	EndGlobalSection
EndGlobal
