
Microsoft Visual Studio Solution File, Format Version 12.00
# Visual Studio Version 16
VisualStudioVersion = 16.0.29318.209
MinimumVisualStudioVersion = 10.0.40219.1
Project("{2150E333-8FDC-42A3-9474-1A3956D46DE8}") = "License", "License", "{D7B1D523-2D87-4719-9F18-B7F6B11D44F8}"
	ProjectSection(SolutionItems) = preProject
		LICENSE.txt = LICENSE.txt
	EndProjectSection
EndProject
Project("{2150E333-8FDC-42A3-9474-1A3956D46DE8}") = "Extra", "Extra", "{46E43B1B-7F91-48E6-9D5F-166C41B210A5}"
	ProjectSection(SolutionItems) = preProject
		Extra\cloud rules.txt = Extra\cloud rules.txt
		Extra\clouds.txt = Extra\clouds.txt
		Extra\features.txt = Extra\features.txt
		Extra\items.txt = Extra\items.txt
		Extra\mon-data.h = Extra\mon-data.h
		Extra\monsteroverrides.txt = Extra\monsteroverrides.txt
		Extra\namedmonsteroverrides.txt = Extra\namedmonsteroverrides.txt
		Extra\pause.png = Extra\pause.png
		Extra\play.png = Extra\play.png
		Extra\racepng.txt = Extra\racepng.txt
		Extra\SameMonsterRules.txt = Extra\SameMonsterRules.txt
		Extra\tilefloor.txt = Extra\tilefloor.txt
		Extra\tilefloorcolors.txt = Extra\tilefloorcolors.txt
		Extra\weapons.txt = Extra\weapons.txt
	EndProjectSection
EndProject
Project("{9A19103F-16F7-4668-BE54-9A1E7A4F7556}") = "FrameGenerator", "FrameGenerator\FrameGenerator.csproj", "{30F98677-FEA1-4F97-8031-EFA331DCCF08}"
EndProject
Project("{9A19103F-16F7-4668-BE54-9A1E7A4F7556}") = "InputParser", "InputParse\InputParser.csproj", "{84DFB055-AACF-4744-8B11-E88379C161D7}"
EndProject
Project("{9A19103F-16F7-4668-BE54-9A1E7A4F7556}") = "PuttySharp", "PuttySharp\PuttySharp.csproj", "{0D491035-AF37-4F50-861F-FDF6A3248943}"
EndProject
Project("{9A19103F-16F7-4668-BE54-9A1E7A4F7556}") = "TtyRecDecoder", "TtyRecDecoder\TtyRecDecoder.csproj", "{519ACC71-26B1-4312-AD42-231965817F20}"
EndProject
Project("{8BC9CEB8-8B4A-11D0-8D11-00A0C91BC942}") = "SlimPutty", "SlimPutty\SlimPutty.vcxitems", "{B827B9A1-9934-42C6-96D1-532E87369D1C}"
EndProject
Project("{9A19103F-16F7-4668-BE54-9A1E7A4F7556}") = "DCSSTV2", "DCSSTV2\DCSSTV2.csproj", "{90E282A0-61C3-47A4-A2A0-B318D6BC8DB4}"
EndProject
Project("{2150E333-8FDC-42A3-9474-1A3956D46DE8}") = "Libraries", "Libraries", "{A1D5D39E-3802-4C5B-8C0F-D12C43FB6C43}"
EndProject
Project("{2150E333-8FDC-42A3-9474-1A3956D46DE8}") = "Putty", "Putty", "{0895FCD7-2FAE-4BFE-ADD8-F43CEDAE4454}"
EndProject
Project("{FAE04EC0-301F-11D3-BF4B-00C04F79EFBC}") = "TtyRecMonkey", "TtyRecMonkey\TtyRecMonkey.csproj", "{2409C96E-18FC-4420-A755-A2509F3B33C2}"
EndProject
Project("{FAE04EC0-301F-11D3-BF4B-00C04F79EFBC}") = "DCSSReplay.Android", "DCSSReplay\DCSSReplay.Android\DCSSReplay.Android.csproj", "{22EAEBEF-5AAC-4A39-979F-098BA2D4065D}"
EndProject
Project("{9A19103F-16F7-4668-BE54-9A1E7A4F7556}") = "DCSSReplay", "DCSSReplay\DCSSReplay\DCSSReplay.csproj", "{237C0D5E-E44E-4F2D-89A0-E748E5EC1023}"
EndProject
Global
	GlobalSection(SolutionConfigurationPlatforms) = preSolution
		Ad-Hoc|Any CPU = Ad-Hoc|Any CPU
		Ad-Hoc|ARM = Ad-Hoc|ARM
		Ad-Hoc|ARM64 = Ad-Hoc|ARM64
		Ad-Hoc|iPhone = Ad-Hoc|iPhone
		Ad-Hoc|iPhoneSimulator = Ad-Hoc|iPhoneSimulator
		Ad-Hoc|x64 = Ad-Hoc|x64
		Ad-Hoc|x86 = Ad-Hoc|x86
		AppStore|Any CPU = AppStore|Any CPU
		AppStore|ARM = AppStore|ARM
		AppStore|ARM64 = AppStore|ARM64
		AppStore|iPhone = AppStore|iPhone
		AppStore|iPhoneSimulator = AppStore|iPhoneSimulator
		AppStore|x64 = AppStore|x64
		AppStore|x86 = AppStore|x86
		Debug|Any CPU = Debug|Any CPU
		Debug|ARM = Debug|ARM
		Debug|ARM64 = Debug|ARM64
		Debug|iPhone = Debug|iPhone
		Debug|iPhoneSimulator = Debug|iPhoneSimulator
		Debug|x64 = Debug|x64
		Debug|x86 = Debug|x86
		LinuxRelease|Any CPU = LinuxRelease|Any CPU
		LinuxRelease|ARM = LinuxRelease|ARM
		LinuxRelease|ARM64 = LinuxRelease|ARM64
		LinuxRelease|iPhone = LinuxRelease|iPhone
		LinuxRelease|iPhoneSimulator = LinuxRelease|iPhoneSimulator
		LinuxRelease|x64 = LinuxRelease|x64
		LinuxRelease|x86 = LinuxRelease|x86
		PuttyDllDebug|Any CPU = PuttyDllDebug|Any CPU
		PuttyDllDebug|ARM = PuttyDllDebug|ARM
		PuttyDllDebug|ARM64 = PuttyDllDebug|ARM64
		PuttyDllDebug|iPhone = PuttyDllDebug|iPhone
		PuttyDllDebug|iPhoneSimulator = PuttyDllDebug|iPhoneSimulator
		PuttyDllDebug|x64 = PuttyDllDebug|x64
		PuttyDllDebug|x86 = PuttyDllDebug|x86
		Release|Any CPU = Release|Any CPU
		Release|ARM = Release|ARM
		Release|ARM64 = Release|ARM64
		Release|iPhone = Release|iPhone
		Release|iPhoneSimulator = Release|iPhoneSimulator
		Release|x64 = Release|x64
		Release|x86 = Release|x86
	EndGlobalSection
	GlobalSection(ProjectConfigurationPlatforms) = postSolution
		{30F98677-FEA1-4F97-8031-EFA331DCCF08}.Ad-Hoc|Any CPU.ActiveCfg = Release|Any CPU
		{30F98677-FEA1-4F97-8031-EFA331DCCF08}.Ad-Hoc|Any CPU.Build.0 = Release|Any CPU
		{30F98677-FEA1-4F97-8031-EFA331DCCF08}.Ad-Hoc|ARM.ActiveCfg = Release|Any CPU
		{30F98677-FEA1-4F97-8031-EFA331DCCF08}.Ad-Hoc|ARM.Build.0 = Release|Any CPU
		{30F98677-FEA1-4F97-8031-EFA331DCCF08}.Ad-Hoc|ARM64.ActiveCfg = Release|Any CPU
		{30F98677-FEA1-4F97-8031-EFA331DCCF08}.Ad-Hoc|ARM64.Build.0 = Release|Any CPU
		{30F98677-FEA1-4F97-8031-EFA331DCCF08}.Ad-Hoc|iPhone.ActiveCfg = Release|Any CPU
		{30F98677-FEA1-4F97-8031-EFA331DCCF08}.Ad-Hoc|iPhone.Build.0 = Release|Any CPU
		{30F98677-FEA1-4F97-8031-EFA331DCCF08}.Ad-Hoc|iPhoneSimulator.ActiveCfg = Release|Any CPU
		{30F98677-FEA1-4F97-8031-EFA331DCCF08}.Ad-Hoc|iPhoneSimulator.Build.0 = Release|Any CPU
		{30F98677-FEA1-4F97-8031-EFA331DCCF08}.Ad-Hoc|x64.ActiveCfg = Release|Any CPU
		{30F98677-FEA1-4F97-8031-EFA331DCCF08}.Ad-Hoc|x64.Build.0 = Release|Any CPU
		{30F98677-FEA1-4F97-8031-EFA331DCCF08}.Ad-Hoc|x86.ActiveCfg = Release|Any CPU
		{30F98677-FEA1-4F97-8031-EFA331DCCF08}.Ad-Hoc|x86.Build.0 = Release|Any CPU
		{30F98677-FEA1-4F97-8031-EFA331DCCF08}.AppStore|Any CPU.ActiveCfg = Release|Any CPU
		{30F98677-FEA1-4F97-8031-EFA331DCCF08}.AppStore|Any CPU.Build.0 = Release|Any CPU
		{30F98677-FEA1-4F97-8031-EFA331DCCF08}.AppStore|ARM.ActiveCfg = Release|Any CPU
		{30F98677-FEA1-4F97-8031-EFA331DCCF08}.AppStore|ARM.Build.0 = Release|Any CPU
		{30F98677-FEA1-4F97-8031-EFA331DCCF08}.AppStore|ARM64.ActiveCfg = Release|Any CPU
		{30F98677-FEA1-4F97-8031-EFA331DCCF08}.AppStore|ARM64.Build.0 = Release|Any CPU
		{30F98677-FEA1-4F97-8031-EFA331DCCF08}.AppStore|iPhone.ActiveCfg = Release|Any CPU
		{30F98677-FEA1-4F97-8031-EFA331DCCF08}.AppStore|iPhone.Build.0 = Release|Any CPU
		{30F98677-FEA1-4F97-8031-EFA331DCCF08}.AppStore|iPhoneSimulator.ActiveCfg = Release|Any CPU
		{30F98677-FEA1-4F97-8031-EFA331DCCF08}.AppStore|iPhoneSimulator.Build.0 = Release|Any CPU
		{30F98677-FEA1-4F97-8031-EFA331DCCF08}.AppStore|x64.ActiveCfg = Release|Any CPU
		{30F98677-FEA1-4F97-8031-EFA331DCCF08}.AppStore|x64.Build.0 = Release|Any CPU
		{30F98677-FEA1-4F97-8031-EFA331DCCF08}.AppStore|x86.ActiveCfg = Release|Any CPU
		{30F98677-FEA1-4F97-8031-EFA331DCCF08}.AppStore|x86.Build.0 = Release|Any CPU
		{30F98677-FEA1-4F97-8031-EFA331DCCF08}.Debug|Any CPU.ActiveCfg = Debug|Any CPU
		{30F98677-FEA1-4F97-8031-EFA331DCCF08}.Debug|Any CPU.Build.0 = Debug|Any CPU
		{30F98677-FEA1-4F97-8031-EFA331DCCF08}.Debug|ARM.ActiveCfg = Debug|Any CPU
		{30F98677-FEA1-4F97-8031-EFA331DCCF08}.Debug|ARM.Build.0 = Debug|Any CPU
		{30F98677-FEA1-4F97-8031-EFA331DCCF08}.Debug|ARM64.ActiveCfg = Debug|Any CPU
		{30F98677-FEA1-4F97-8031-EFA331DCCF08}.Debug|ARM64.Build.0 = Debug|Any CPU
		{30F98677-FEA1-4F97-8031-EFA331DCCF08}.Debug|iPhone.ActiveCfg = Debug|Any CPU
		{30F98677-FEA1-4F97-8031-EFA331DCCF08}.Debug|iPhone.Build.0 = Debug|Any CPU
		{30F98677-FEA1-4F97-8031-EFA331DCCF08}.Debug|iPhoneSimulator.ActiveCfg = Debug|Any CPU
		{30F98677-FEA1-4F97-8031-EFA331DCCF08}.Debug|iPhoneSimulator.Build.0 = Debug|Any CPU
		{30F98677-FEA1-4F97-8031-EFA331DCCF08}.Debug|x64.ActiveCfg = Debug|Any CPU
		{30F98677-FEA1-4F97-8031-EFA331DCCF08}.Debug|x64.Build.0 = Debug|Any CPU
		{30F98677-FEA1-4F97-8031-EFA331DCCF08}.Debug|x86.ActiveCfg = Debug|Any CPU
		{30F98677-FEA1-4F97-8031-EFA331DCCF08}.Debug|x86.Build.0 = Debug|Any CPU
		{30F98677-FEA1-4F97-8031-EFA331DCCF08}.LinuxRelease|Any CPU.ActiveCfg = LinuxRelease|Any CPU
		{30F98677-FEA1-4F97-8031-EFA331DCCF08}.LinuxRelease|Any CPU.Build.0 = LinuxRelease|Any CPU
		{30F98677-FEA1-4F97-8031-EFA331DCCF08}.LinuxRelease|ARM.ActiveCfg = LinuxRelease|Any CPU
		{30F98677-FEA1-4F97-8031-EFA331DCCF08}.LinuxRelease|ARM.Build.0 = LinuxRelease|Any CPU
		{30F98677-FEA1-4F97-8031-EFA331DCCF08}.LinuxRelease|ARM64.ActiveCfg = LinuxRelease|Any CPU
		{30F98677-FEA1-4F97-8031-EFA331DCCF08}.LinuxRelease|ARM64.Build.0 = LinuxRelease|Any CPU
		{30F98677-FEA1-4F97-8031-EFA331DCCF08}.LinuxRelease|iPhone.ActiveCfg = LinuxRelease|Any CPU
		{30F98677-FEA1-4F97-8031-EFA331DCCF08}.LinuxRelease|iPhone.Build.0 = LinuxRelease|Any CPU
		{30F98677-FEA1-4F97-8031-EFA331DCCF08}.LinuxRelease|iPhoneSimulator.ActiveCfg = LinuxRelease|Any CPU
		{30F98677-FEA1-4F97-8031-EFA331DCCF08}.LinuxRelease|iPhoneSimulator.Build.0 = LinuxRelease|Any CPU
		{30F98677-FEA1-4F97-8031-EFA331DCCF08}.LinuxRelease|x64.ActiveCfg = LinuxRelease|Any CPU
		{30F98677-FEA1-4F97-8031-EFA331DCCF08}.LinuxRelease|x64.Build.0 = LinuxRelease|Any CPU
		{30F98677-FEA1-4F97-8031-EFA331DCCF08}.LinuxRelease|x86.ActiveCfg = LinuxRelease|Any CPU
		{30F98677-FEA1-4F97-8031-EFA331DCCF08}.LinuxRelease|x86.Build.0 = LinuxRelease|Any CPU
		{30F98677-FEA1-4F97-8031-EFA331DCCF08}.PuttyDllDebug|Any CPU.ActiveCfg = Debug|Any CPU
		{30F98677-FEA1-4F97-8031-EFA331DCCF08}.PuttyDllDebug|Any CPU.Build.0 = Debug|Any CPU
		{30F98677-FEA1-4F97-8031-EFA331DCCF08}.PuttyDllDebug|ARM.ActiveCfg = Debug|Any CPU
		{30F98677-FEA1-4F97-8031-EFA331DCCF08}.PuttyDllDebug|ARM.Build.0 = Debug|Any CPU
		{30F98677-FEA1-4F97-8031-EFA331DCCF08}.PuttyDllDebug|ARM64.ActiveCfg = Debug|Any CPU
		{30F98677-FEA1-4F97-8031-EFA331DCCF08}.PuttyDllDebug|ARM64.Build.0 = Debug|Any CPU
		{30F98677-FEA1-4F97-8031-EFA331DCCF08}.PuttyDllDebug|iPhone.ActiveCfg = Debug|Any CPU
		{30F98677-FEA1-4F97-8031-EFA331DCCF08}.PuttyDllDebug|iPhone.Build.0 = Debug|Any CPU
		{30F98677-FEA1-4F97-8031-EFA331DCCF08}.PuttyDllDebug|iPhoneSimulator.ActiveCfg = Debug|Any CPU
		{30F98677-FEA1-4F97-8031-EFA331DCCF08}.PuttyDllDebug|iPhoneSimulator.Build.0 = Debug|Any CPU
		{30F98677-FEA1-4F97-8031-EFA331DCCF08}.PuttyDllDebug|x64.ActiveCfg = Debug|Any CPU
		{30F98677-FEA1-4F97-8031-EFA331DCCF08}.PuttyDllDebug|x64.Build.0 = Debug|Any CPU
		{30F98677-FEA1-4F97-8031-EFA331DCCF08}.PuttyDllDebug|x86.ActiveCfg = Debug|Any CPU
		{30F98677-FEA1-4F97-8031-EFA331DCCF08}.PuttyDllDebug|x86.Build.0 = Debug|Any CPU
		{30F98677-FEA1-4F97-8031-EFA331DCCF08}.Release|Any CPU.ActiveCfg = Release|Any CPU
		{30F98677-FEA1-4F97-8031-EFA331DCCF08}.Release|Any CPU.Build.0 = Release|Any CPU
		{30F98677-FEA1-4F97-8031-EFA331DCCF08}.Release|ARM.ActiveCfg = Release|Any CPU
		{30F98677-FEA1-4F97-8031-EFA331DCCF08}.Release|ARM.Build.0 = Release|Any CPU
		{30F98677-FEA1-4F97-8031-EFA331DCCF08}.Release|ARM64.ActiveCfg = Release|Any CPU
		{30F98677-FEA1-4F97-8031-EFA331DCCF08}.Release|ARM64.Build.0 = Release|Any CPU
		{30F98677-FEA1-4F97-8031-EFA331DCCF08}.Release|iPhone.ActiveCfg = Release|Any CPU
		{30F98677-FEA1-4F97-8031-EFA331DCCF08}.Release|iPhone.Build.0 = Release|Any CPU
		{30F98677-FEA1-4F97-8031-EFA331DCCF08}.Release|iPhoneSimulator.ActiveCfg = Release|Any CPU
		{30F98677-FEA1-4F97-8031-EFA331DCCF08}.Release|iPhoneSimulator.Build.0 = Release|Any CPU
		{30F98677-FEA1-4F97-8031-EFA331DCCF08}.Release|x64.ActiveCfg = Release|Any CPU
		{30F98677-FEA1-4F97-8031-EFA331DCCF08}.Release|x64.Build.0 = Release|Any CPU
		{30F98677-FEA1-4F97-8031-EFA331DCCF08}.Release|x86.ActiveCfg = Release|Any CPU
		{30F98677-FEA1-4F97-8031-EFA331DCCF08}.Release|x86.Build.0 = Release|Any CPU
		{84DFB055-AACF-4744-8B11-E88379C161D7}.Ad-Hoc|Any CPU.ActiveCfg = Release|Any CPU
		{84DFB055-AACF-4744-8B11-E88379C161D7}.Ad-Hoc|Any CPU.Build.0 = Release|Any CPU
		{84DFB055-AACF-4744-8B11-E88379C161D7}.Ad-Hoc|ARM.ActiveCfg = Release|Any CPU
		{84DFB055-AACF-4744-8B11-E88379C161D7}.Ad-Hoc|ARM.Build.0 = Release|Any CPU
		{84DFB055-AACF-4744-8B11-E88379C161D7}.Ad-Hoc|ARM64.ActiveCfg = Release|Any CPU
		{84DFB055-AACF-4744-8B11-E88379C161D7}.Ad-Hoc|ARM64.Build.0 = Release|Any CPU
		{84DFB055-AACF-4744-8B11-E88379C161D7}.Ad-Hoc|iPhone.ActiveCfg = Release|Any CPU
		{84DFB055-AACF-4744-8B11-E88379C161D7}.Ad-Hoc|iPhone.Build.0 = Release|Any CPU
		{84DFB055-AACF-4744-8B11-E88379C161D7}.Ad-Hoc|iPhoneSimulator.ActiveCfg = Release|Any CPU
		{84DFB055-AACF-4744-8B11-E88379C161D7}.Ad-Hoc|iPhoneSimulator.Build.0 = Release|Any CPU
		{84DFB055-AACF-4744-8B11-E88379C161D7}.Ad-Hoc|x64.ActiveCfg = Release|Any CPU
		{84DFB055-AACF-4744-8B11-E88379C161D7}.Ad-Hoc|x64.Build.0 = Release|Any CPU
		{84DFB055-AACF-4744-8B11-E88379C161D7}.Ad-Hoc|x86.ActiveCfg = Release|Any CPU
		{84DFB055-AACF-4744-8B11-E88379C161D7}.Ad-Hoc|x86.Build.0 = Release|Any CPU
		{84DFB055-AACF-4744-8B11-E88379C161D7}.AppStore|Any CPU.ActiveCfg = Release|Any CPU
		{84DFB055-AACF-4744-8B11-E88379C161D7}.AppStore|Any CPU.Build.0 = Release|Any CPU
		{84DFB055-AACF-4744-8B11-E88379C161D7}.AppStore|ARM.ActiveCfg = Release|Any CPU
		{84DFB055-AACF-4744-8B11-E88379C161D7}.AppStore|ARM.Build.0 = Release|Any CPU
		{84DFB055-AACF-4744-8B11-E88379C161D7}.AppStore|ARM64.ActiveCfg = Release|Any CPU
		{84DFB055-AACF-4744-8B11-E88379C161D7}.AppStore|ARM64.Build.0 = Release|Any CPU
		{84DFB055-AACF-4744-8B11-E88379C161D7}.AppStore|iPhone.ActiveCfg = Release|Any CPU
		{84DFB055-AACF-4744-8B11-E88379C161D7}.AppStore|iPhone.Build.0 = Release|Any CPU
		{84DFB055-AACF-4744-8B11-E88379C161D7}.AppStore|iPhoneSimulator.ActiveCfg = Release|Any CPU
		{84DFB055-AACF-4744-8B11-E88379C161D7}.AppStore|iPhoneSimulator.Build.0 = Release|Any CPU
		{84DFB055-AACF-4744-8B11-E88379C161D7}.AppStore|x64.ActiveCfg = Release|Any CPU
		{84DFB055-AACF-4744-8B11-E88379C161D7}.AppStore|x64.Build.0 = Release|Any CPU
		{84DFB055-AACF-4744-8B11-E88379C161D7}.AppStore|x86.ActiveCfg = Release|Any CPU
		{84DFB055-AACF-4744-8B11-E88379C161D7}.AppStore|x86.Build.0 = Release|Any CPU
		{84DFB055-AACF-4744-8B11-E88379C161D7}.Debug|Any CPU.ActiveCfg = Debug|Any CPU
		{84DFB055-AACF-4744-8B11-E88379C161D7}.Debug|Any CPU.Build.0 = Debug|Any CPU
		{84DFB055-AACF-4744-8B11-E88379C161D7}.Debug|ARM.ActiveCfg = Debug|Any CPU
		{84DFB055-AACF-4744-8B11-E88379C161D7}.Debug|ARM.Build.0 = Debug|Any CPU
		{84DFB055-AACF-4744-8B11-E88379C161D7}.Debug|ARM64.ActiveCfg = Debug|Any CPU
		{84DFB055-AACF-4744-8B11-E88379C161D7}.Debug|ARM64.Build.0 = Debug|Any CPU
		{84DFB055-AACF-4744-8B11-E88379C161D7}.Debug|iPhone.ActiveCfg = Debug|Any CPU
		{84DFB055-AACF-4744-8B11-E88379C161D7}.Debug|iPhone.Build.0 = Debug|Any CPU
		{84DFB055-AACF-4744-8B11-E88379C161D7}.Debug|iPhoneSimulator.ActiveCfg = Debug|Any CPU
		{84DFB055-AACF-4744-8B11-E88379C161D7}.Debug|iPhoneSimulator.Build.0 = Debug|Any CPU
		{84DFB055-AACF-4744-8B11-E88379C161D7}.Debug|x64.ActiveCfg = Debug|Any CPU
		{84DFB055-AACF-4744-8B11-E88379C161D7}.Debug|x64.Build.0 = Debug|Any CPU
		{84DFB055-AACF-4744-8B11-E88379C161D7}.Debug|x86.ActiveCfg = Debug|Any CPU
		{84DFB055-AACF-4744-8B11-E88379C161D7}.Debug|x86.Build.0 = Debug|Any CPU
		{84DFB055-AACF-4744-8B11-E88379C161D7}.LinuxRelease|Any CPU.ActiveCfg = LinuxRelease|Any CPU
		{84DFB055-AACF-4744-8B11-E88379C161D7}.LinuxRelease|Any CPU.Build.0 = LinuxRelease|Any CPU
		{84DFB055-AACF-4744-8B11-E88379C161D7}.LinuxRelease|ARM.ActiveCfg = LinuxRelease|Any CPU
		{84DFB055-AACF-4744-8B11-E88379C161D7}.LinuxRelease|ARM.Build.0 = LinuxRelease|Any CPU
		{84DFB055-AACF-4744-8B11-E88379C161D7}.LinuxRelease|ARM64.ActiveCfg = LinuxRelease|Any CPU
		{84DFB055-AACF-4744-8B11-E88379C161D7}.LinuxRelease|ARM64.Build.0 = LinuxRelease|Any CPU
		{84DFB055-AACF-4744-8B11-E88379C161D7}.LinuxRelease|iPhone.ActiveCfg = LinuxRelease|Any CPU
		{84DFB055-AACF-4744-8B11-E88379C161D7}.LinuxRelease|iPhone.Build.0 = LinuxRelease|Any CPU
		{84DFB055-AACF-4744-8B11-E88379C161D7}.LinuxRelease|iPhoneSimulator.ActiveCfg = LinuxRelease|Any CPU
		{84DFB055-AACF-4744-8B11-E88379C161D7}.LinuxRelease|iPhoneSimulator.Build.0 = LinuxRelease|Any CPU
		{84DFB055-AACF-4744-8B11-E88379C161D7}.LinuxRelease|x64.ActiveCfg = LinuxRelease|Any CPU
		{84DFB055-AACF-4744-8B11-E88379C161D7}.LinuxRelease|x64.Build.0 = LinuxRelease|Any CPU
		{84DFB055-AACF-4744-8B11-E88379C161D7}.LinuxRelease|x86.ActiveCfg = LinuxRelease|Any CPU
		{84DFB055-AACF-4744-8B11-E88379C161D7}.LinuxRelease|x86.Build.0 = LinuxRelease|Any CPU
		{84DFB055-AACF-4744-8B11-E88379C161D7}.PuttyDllDebug|Any CPU.ActiveCfg = Debug|Any CPU
		{84DFB055-AACF-4744-8B11-E88379C161D7}.PuttyDllDebug|Any CPU.Build.0 = Debug|Any CPU
		{84DFB055-AACF-4744-8B11-E88379C161D7}.PuttyDllDebug|ARM.ActiveCfg = Debug|Any CPU
		{84DFB055-AACF-4744-8B11-E88379C161D7}.PuttyDllDebug|ARM.Build.0 = Debug|Any CPU
		{84DFB055-AACF-4744-8B11-E88379C161D7}.PuttyDllDebug|ARM64.ActiveCfg = Debug|Any CPU
		{84DFB055-AACF-4744-8B11-E88379C161D7}.PuttyDllDebug|ARM64.Build.0 = Debug|Any CPU
		{84DFB055-AACF-4744-8B11-E88379C161D7}.PuttyDllDebug|iPhone.ActiveCfg = Debug|Any CPU
		{84DFB055-AACF-4744-8B11-E88379C161D7}.PuttyDllDebug|iPhone.Build.0 = Debug|Any CPU
		{84DFB055-AACF-4744-8B11-E88379C161D7}.PuttyDllDebug|iPhoneSimulator.ActiveCfg = Debug|Any CPU
		{84DFB055-AACF-4744-8B11-E88379C161D7}.PuttyDllDebug|iPhoneSimulator.Build.0 = Debug|Any CPU
		{84DFB055-AACF-4744-8B11-E88379C161D7}.PuttyDllDebug|x64.ActiveCfg = Debug|Any CPU
		{84DFB055-AACF-4744-8B11-E88379C161D7}.PuttyDllDebug|x64.Build.0 = Debug|Any CPU
		{84DFB055-AACF-4744-8B11-E88379C161D7}.PuttyDllDebug|x86.ActiveCfg = Debug|Any CPU
		{84DFB055-AACF-4744-8B11-E88379C161D7}.PuttyDllDebug|x86.Build.0 = Debug|Any CPU
		{84DFB055-AACF-4744-8B11-E88379C161D7}.Release|Any CPU.ActiveCfg = Release|Any CPU
		{84DFB055-AACF-4744-8B11-E88379C161D7}.Release|Any CPU.Build.0 = Release|Any CPU
		{84DFB055-AACF-4744-8B11-E88379C161D7}.Release|ARM.ActiveCfg = Release|Any CPU
		{84DFB055-AACF-4744-8B11-E88379C161D7}.Release|ARM.Build.0 = Release|Any CPU
		{84DFB055-AACF-4744-8B11-E88379C161D7}.Release|ARM64.ActiveCfg = Release|Any CPU
		{84DFB055-AACF-4744-8B11-E88379C161D7}.Release|ARM64.Build.0 = Release|Any CPU
		{84DFB055-AACF-4744-8B11-E88379C161D7}.Release|iPhone.ActiveCfg = Release|Any CPU
		{84DFB055-AACF-4744-8B11-E88379C161D7}.Release|iPhone.Build.0 = Release|Any CPU
		{84DFB055-AACF-4744-8B11-E88379C161D7}.Release|iPhoneSimulator.ActiveCfg = Release|Any CPU
		{84DFB055-AACF-4744-8B11-E88379C161D7}.Release|iPhoneSimulator.Build.0 = Release|Any CPU
		{84DFB055-AACF-4744-8B11-E88379C161D7}.Release|x64.ActiveCfg = Release|Any CPU
		{84DFB055-AACF-4744-8B11-E88379C161D7}.Release|x64.Build.0 = Release|Any CPU
		{84DFB055-AACF-4744-8B11-E88379C161D7}.Release|x86.ActiveCfg = Release|Any CPU
		{84DFB055-AACF-4744-8B11-E88379C161D7}.Release|x86.Build.0 = Release|Any CPU
		{0D491035-AF37-4F50-861F-FDF6A3248943}.Ad-Hoc|Any CPU.ActiveCfg = Release|Any CPU
		{0D491035-AF37-4F50-861F-FDF6A3248943}.Ad-Hoc|Any CPU.Build.0 = Release|Any CPU
		{0D491035-AF37-4F50-861F-FDF6A3248943}.Ad-Hoc|ARM.ActiveCfg = Release|Any CPU
		{0D491035-AF37-4F50-861F-FDF6A3248943}.Ad-Hoc|ARM.Build.0 = Release|Any CPU
		{0D491035-AF37-4F50-861F-FDF6A3248943}.Ad-Hoc|ARM64.ActiveCfg = Release|Any CPU
		{0D491035-AF37-4F50-861F-FDF6A3248943}.Ad-Hoc|ARM64.Build.0 = Release|Any CPU
		{0D491035-AF37-4F50-861F-FDF6A3248943}.Ad-Hoc|iPhone.ActiveCfg = Release|Any CPU
		{0D491035-AF37-4F50-861F-FDF6A3248943}.Ad-Hoc|iPhone.Build.0 = Release|Any CPU
		{0D491035-AF37-4F50-861F-FDF6A3248943}.Ad-Hoc|iPhoneSimulator.ActiveCfg = Release|Any CPU
		{0D491035-AF37-4F50-861F-FDF6A3248943}.Ad-Hoc|iPhoneSimulator.Build.0 = Release|Any CPU
		{0D491035-AF37-4F50-861F-FDF6A3248943}.Ad-Hoc|x64.ActiveCfg = Release|Any CPU
		{0D491035-AF37-4F50-861F-FDF6A3248943}.Ad-Hoc|x64.Build.0 = Release|Any CPU
		{0D491035-AF37-4F50-861F-FDF6A3248943}.Ad-Hoc|x86.ActiveCfg = Release|Any CPU
		{0D491035-AF37-4F50-861F-FDF6A3248943}.Ad-Hoc|x86.Build.0 = Release|Any CPU
		{0D491035-AF37-4F50-861F-FDF6A3248943}.AppStore|Any CPU.ActiveCfg = Release|Any CPU
		{0D491035-AF37-4F50-861F-FDF6A3248943}.AppStore|Any CPU.Build.0 = Release|Any CPU
		{0D491035-AF37-4F50-861F-FDF6A3248943}.AppStore|ARM.ActiveCfg = Release|Any CPU
		{0D491035-AF37-4F50-861F-FDF6A3248943}.AppStore|ARM.Build.0 = Release|Any CPU
		{0D491035-AF37-4F50-861F-FDF6A3248943}.AppStore|ARM64.ActiveCfg = Release|Any CPU
		{0D491035-AF37-4F50-861F-FDF6A3248943}.AppStore|ARM64.Build.0 = Release|Any CPU
		{0D491035-AF37-4F50-861F-FDF6A3248943}.AppStore|iPhone.ActiveCfg = Release|Any CPU
		{0D491035-AF37-4F50-861F-FDF6A3248943}.AppStore|iPhone.Build.0 = Release|Any CPU
		{0D491035-AF37-4F50-861F-FDF6A3248943}.AppStore|iPhoneSimulator.ActiveCfg = Release|Any CPU
		{0D491035-AF37-4F50-861F-FDF6A3248943}.AppStore|iPhoneSimulator.Build.0 = Release|Any CPU
		{0D491035-AF37-4F50-861F-FDF6A3248943}.AppStore|x64.ActiveCfg = Release|Any CPU
		{0D491035-AF37-4F50-861F-FDF6A3248943}.AppStore|x64.Build.0 = Release|Any CPU
		{0D491035-AF37-4F50-861F-FDF6A3248943}.AppStore|x86.ActiveCfg = Release|Any CPU
		{0D491035-AF37-4F50-861F-FDF6A3248943}.AppStore|x86.Build.0 = Release|Any CPU
		{0D491035-AF37-4F50-861F-FDF6A3248943}.Debug|Any CPU.ActiveCfg = Debug|Any CPU
		{0D491035-AF37-4F50-861F-FDF6A3248943}.Debug|Any CPU.Build.0 = Debug|Any CPU
		{0D491035-AF37-4F50-861F-FDF6A3248943}.Debug|ARM.ActiveCfg = Debug|Any CPU
		{0D491035-AF37-4F50-861F-FDF6A3248943}.Debug|ARM.Build.0 = Debug|Any CPU
		{0D491035-AF37-4F50-861F-FDF6A3248943}.Debug|ARM64.ActiveCfg = Debug|Any CPU
		{0D491035-AF37-4F50-861F-FDF6A3248943}.Debug|ARM64.Build.0 = Debug|Any CPU
		{0D491035-AF37-4F50-861F-FDF6A3248943}.Debug|iPhone.ActiveCfg = Debug|Any CPU
		{0D491035-AF37-4F50-861F-FDF6A3248943}.Debug|iPhone.Build.0 = Debug|Any CPU
		{0D491035-AF37-4F50-861F-FDF6A3248943}.Debug|iPhoneSimulator.ActiveCfg = Debug|Any CPU
		{0D491035-AF37-4F50-861F-FDF6A3248943}.Debug|iPhoneSimulator.Build.0 = Debug|Any CPU
		{0D491035-AF37-4F50-861F-FDF6A3248943}.Debug|x64.ActiveCfg = Debug|Any CPU
		{0D491035-AF37-4F50-861F-FDF6A3248943}.Debug|x64.Build.0 = Debug|Any CPU
		{0D491035-AF37-4F50-861F-FDF6A3248943}.Debug|x86.ActiveCfg = Debug|Any CPU
		{0D491035-AF37-4F50-861F-FDF6A3248943}.Debug|x86.Build.0 = Debug|Any CPU
		{0D491035-AF37-4F50-861F-FDF6A3248943}.LinuxRelease|Any CPU.ActiveCfg = LinuxRelease|Any CPU
		{0D491035-AF37-4F50-861F-FDF6A3248943}.LinuxRelease|Any CPU.Build.0 = LinuxRelease|Any CPU
		{0D491035-AF37-4F50-861F-FDF6A3248943}.LinuxRelease|ARM.ActiveCfg = LinuxRelease|Any CPU
		{0D491035-AF37-4F50-861F-FDF6A3248943}.LinuxRelease|ARM.Build.0 = LinuxRelease|Any CPU
		{0D491035-AF37-4F50-861F-FDF6A3248943}.LinuxRelease|ARM64.ActiveCfg = LinuxRelease|Any CPU
		{0D491035-AF37-4F50-861F-FDF6A3248943}.LinuxRelease|ARM64.Build.0 = LinuxRelease|Any CPU
		{0D491035-AF37-4F50-861F-FDF6A3248943}.LinuxRelease|iPhone.ActiveCfg = LinuxRelease|Any CPU
		{0D491035-AF37-4F50-861F-FDF6A3248943}.LinuxRelease|iPhone.Build.0 = LinuxRelease|Any CPU
		{0D491035-AF37-4F50-861F-FDF6A3248943}.LinuxRelease|iPhoneSimulator.ActiveCfg = LinuxRelease|Any CPU
		{0D491035-AF37-4F50-861F-FDF6A3248943}.LinuxRelease|iPhoneSimulator.Build.0 = LinuxRelease|Any CPU
		{0D491035-AF37-4F50-861F-FDF6A3248943}.LinuxRelease|x64.ActiveCfg = LinuxRelease|Any CPU
		{0D491035-AF37-4F50-861F-FDF6A3248943}.LinuxRelease|x64.Build.0 = LinuxRelease|Any CPU
		{0D491035-AF37-4F50-861F-FDF6A3248943}.LinuxRelease|x86.ActiveCfg = LinuxRelease|Any CPU
		{0D491035-AF37-4F50-861F-FDF6A3248943}.LinuxRelease|x86.Build.0 = LinuxRelease|Any CPU
		{0D491035-AF37-4F50-861F-FDF6A3248943}.PuttyDllDebug|Any CPU.ActiveCfg = Debug|Any CPU
		{0D491035-AF37-4F50-861F-FDF6A3248943}.PuttyDllDebug|Any CPU.Build.0 = Debug|Any CPU
		{0D491035-AF37-4F50-861F-FDF6A3248943}.PuttyDllDebug|ARM.ActiveCfg = Debug|Any CPU
		{0D491035-AF37-4F50-861F-FDF6A3248943}.PuttyDllDebug|ARM.Build.0 = Debug|Any CPU
		{0D491035-AF37-4F50-861F-FDF6A3248943}.PuttyDllDebug|ARM64.ActiveCfg = Debug|Any CPU
		{0D491035-AF37-4F50-861F-FDF6A3248943}.PuttyDllDebug|ARM64.Build.0 = Debug|Any CPU
		{0D491035-AF37-4F50-861F-FDF6A3248943}.PuttyDllDebug|iPhone.ActiveCfg = Debug|Any CPU
		{0D491035-AF37-4F50-861F-FDF6A3248943}.PuttyDllDebug|iPhone.Build.0 = Debug|Any CPU
		{0D491035-AF37-4F50-861F-FDF6A3248943}.PuttyDllDebug|iPhoneSimulator.ActiveCfg = Debug|Any CPU
		{0D491035-AF37-4F50-861F-FDF6A3248943}.PuttyDllDebug|iPhoneSimulator.Build.0 = Debug|Any CPU
		{0D491035-AF37-4F50-861F-FDF6A3248943}.PuttyDllDebug|x64.ActiveCfg = Debug|Any CPU
		{0D491035-AF37-4F50-861F-FDF6A3248943}.PuttyDllDebug|x64.Build.0 = Debug|Any CPU
		{0D491035-AF37-4F50-861F-FDF6A3248943}.PuttyDllDebug|x86.ActiveCfg = Debug|Any CPU
		{0D491035-AF37-4F50-861F-FDF6A3248943}.PuttyDllDebug|x86.Build.0 = Debug|Any CPU
		{0D491035-AF37-4F50-861F-FDF6A3248943}.Release|Any CPU.ActiveCfg = Release|Any CPU
		{0D491035-AF37-4F50-861F-FDF6A3248943}.Release|Any CPU.Build.0 = Release|Any CPU
		{0D491035-AF37-4F50-861F-FDF6A3248943}.Release|ARM.ActiveCfg = Release|Any CPU
		{0D491035-AF37-4F50-861F-FDF6A3248943}.Release|ARM.Build.0 = Release|Any CPU
		{0D491035-AF37-4F50-861F-FDF6A3248943}.Release|ARM64.ActiveCfg = Release|Any CPU
		{0D491035-AF37-4F50-861F-FDF6A3248943}.Release|ARM64.Build.0 = Release|Any CPU
		{0D491035-AF37-4F50-861F-FDF6A3248943}.Release|iPhone.ActiveCfg = Release|Any CPU
		{0D491035-AF37-4F50-861F-FDF6A3248943}.Release|iPhone.Build.0 = Release|Any CPU
		{0D491035-AF37-4F50-861F-FDF6A3248943}.Release|iPhoneSimulator.ActiveCfg = Release|Any CPU
		{0D491035-AF37-4F50-861F-FDF6A3248943}.Release|iPhoneSimulator.Build.0 = Release|Any CPU
		{0D491035-AF37-4F50-861F-FDF6A3248943}.Release|x64.ActiveCfg = Release|Any CPU
		{0D491035-AF37-4F50-861F-FDF6A3248943}.Release|x64.Build.0 = Release|Any CPU
		{0D491035-AF37-4F50-861F-FDF6A3248943}.Release|x86.ActiveCfg = Release|Any CPU
		{0D491035-AF37-4F50-861F-FDF6A3248943}.Release|x86.Build.0 = Release|Any CPU
		{519ACC71-26B1-4312-AD42-231965817F20}.Ad-Hoc|Any CPU.ActiveCfg = Release|Any CPU
		{519ACC71-26B1-4312-AD42-231965817F20}.Ad-Hoc|Any CPU.Build.0 = Release|Any CPU
		{519ACC71-26B1-4312-AD42-231965817F20}.Ad-Hoc|ARM.ActiveCfg = Release|Any CPU
		{519ACC71-26B1-4312-AD42-231965817F20}.Ad-Hoc|ARM.Build.0 = Release|Any CPU
		{519ACC71-26B1-4312-AD42-231965817F20}.Ad-Hoc|ARM64.ActiveCfg = Release|Any CPU
		{519ACC71-26B1-4312-AD42-231965817F20}.Ad-Hoc|ARM64.Build.0 = Release|Any CPU
		{519ACC71-26B1-4312-AD42-231965817F20}.Ad-Hoc|iPhone.ActiveCfg = Release|Any CPU
		{519ACC71-26B1-4312-AD42-231965817F20}.Ad-Hoc|iPhone.Build.0 = Release|Any CPU
		{519ACC71-26B1-4312-AD42-231965817F20}.Ad-Hoc|iPhoneSimulator.ActiveCfg = Release|Any CPU
		{519ACC71-26B1-4312-AD42-231965817F20}.Ad-Hoc|iPhoneSimulator.Build.0 = Release|Any CPU
		{519ACC71-26B1-4312-AD42-231965817F20}.Ad-Hoc|x64.ActiveCfg = Release|Any CPU
		{519ACC71-26B1-4312-AD42-231965817F20}.Ad-Hoc|x64.Build.0 = Release|Any CPU
		{519ACC71-26B1-4312-AD42-231965817F20}.Ad-Hoc|x86.ActiveCfg = Release|Any CPU
		{519ACC71-26B1-4312-AD42-231965817F20}.Ad-Hoc|x86.Build.0 = Release|Any CPU
		{519ACC71-26B1-4312-AD42-231965817F20}.AppStore|Any CPU.ActiveCfg = Release|Any CPU
		{519ACC71-26B1-4312-AD42-231965817F20}.AppStore|Any CPU.Build.0 = Release|Any CPU
		{519ACC71-26B1-4312-AD42-231965817F20}.AppStore|ARM.ActiveCfg = Release|Any CPU
		{519ACC71-26B1-4312-AD42-231965817F20}.AppStore|ARM.Build.0 = Release|Any CPU
		{519ACC71-26B1-4312-AD42-231965817F20}.AppStore|ARM64.ActiveCfg = Release|Any CPU
		{519ACC71-26B1-4312-AD42-231965817F20}.AppStore|ARM64.Build.0 = Release|Any CPU
		{519ACC71-26B1-4312-AD42-231965817F20}.AppStore|iPhone.ActiveCfg = Release|Any CPU
		{519ACC71-26B1-4312-AD42-231965817F20}.AppStore|iPhone.Build.0 = Release|Any CPU
		{519ACC71-26B1-4312-AD42-231965817F20}.AppStore|iPhoneSimulator.ActiveCfg = Release|Any CPU
		{519ACC71-26B1-4312-AD42-231965817F20}.AppStore|iPhoneSimulator.Build.0 = Release|Any CPU
		{519ACC71-26B1-4312-AD42-231965817F20}.AppStore|x64.ActiveCfg = Release|Any CPU
		{519ACC71-26B1-4312-AD42-231965817F20}.AppStore|x64.Build.0 = Release|Any CPU
		{519ACC71-26B1-4312-AD42-231965817F20}.AppStore|x86.ActiveCfg = Release|Any CPU
		{519ACC71-26B1-4312-AD42-231965817F20}.AppStore|x86.Build.0 = Release|Any CPU
		{519ACC71-26B1-4312-AD42-231965817F20}.Debug|Any CPU.ActiveCfg = Debug|Any CPU
		{519ACC71-26B1-4312-AD42-231965817F20}.Debug|Any CPU.Build.0 = Debug|Any CPU
		{519ACC71-26B1-4312-AD42-231965817F20}.Debug|ARM.ActiveCfg = Debug|Any CPU
		{519ACC71-26B1-4312-AD42-231965817F20}.Debug|ARM.Build.0 = Debug|Any CPU
		{519ACC71-26B1-4312-AD42-231965817F20}.Debug|ARM64.ActiveCfg = Debug|Any CPU
		{519ACC71-26B1-4312-AD42-231965817F20}.Debug|ARM64.Build.0 = Debug|Any CPU
		{519ACC71-26B1-4312-AD42-231965817F20}.Debug|iPhone.ActiveCfg = Debug|Any CPU
		{519ACC71-26B1-4312-AD42-231965817F20}.Debug|iPhone.Build.0 = Debug|Any CPU
		{519ACC71-26B1-4312-AD42-231965817F20}.Debug|iPhoneSimulator.ActiveCfg = Debug|Any CPU
		{519ACC71-26B1-4312-AD42-231965817F20}.Debug|iPhoneSimulator.Build.0 = Debug|Any CPU
		{519ACC71-26B1-4312-AD42-231965817F20}.Debug|x64.ActiveCfg = Debug|Any CPU
		{519ACC71-26B1-4312-AD42-231965817F20}.Debug|x64.Build.0 = Debug|Any CPU
		{519ACC71-26B1-4312-AD42-231965817F20}.Debug|x86.ActiveCfg = Debug|Any CPU
		{519ACC71-26B1-4312-AD42-231965817F20}.Debug|x86.Build.0 = Debug|Any CPU
		{519ACC71-26B1-4312-AD42-231965817F20}.LinuxRelease|Any CPU.ActiveCfg = LinuxRelease|Any CPU
		{519ACC71-26B1-4312-AD42-231965817F20}.LinuxRelease|Any CPU.Build.0 = LinuxRelease|Any CPU
		{519ACC71-26B1-4312-AD42-231965817F20}.LinuxRelease|ARM.ActiveCfg = LinuxRelease|Any CPU
		{519ACC71-26B1-4312-AD42-231965817F20}.LinuxRelease|ARM.Build.0 = LinuxRelease|Any CPU
		{519ACC71-26B1-4312-AD42-231965817F20}.LinuxRelease|ARM64.ActiveCfg = LinuxRelease|Any CPU
		{519ACC71-26B1-4312-AD42-231965817F20}.LinuxRelease|ARM64.Build.0 = LinuxRelease|Any CPU
		{519ACC71-26B1-4312-AD42-231965817F20}.LinuxRelease|iPhone.ActiveCfg = LinuxRelease|Any CPU
		{519ACC71-26B1-4312-AD42-231965817F20}.LinuxRelease|iPhone.Build.0 = LinuxRelease|Any CPU
		{519ACC71-26B1-4312-AD42-231965817F20}.LinuxRelease|iPhoneSimulator.ActiveCfg = LinuxRelease|Any CPU
		{519ACC71-26B1-4312-AD42-231965817F20}.LinuxRelease|iPhoneSimulator.Build.0 = LinuxRelease|Any CPU
		{519ACC71-26B1-4312-AD42-231965817F20}.LinuxRelease|x64.ActiveCfg = LinuxRelease|Any CPU
		{519ACC71-26B1-4312-AD42-231965817F20}.LinuxRelease|x64.Build.0 = LinuxRelease|Any CPU
		{519ACC71-26B1-4312-AD42-231965817F20}.LinuxRelease|x86.ActiveCfg = LinuxRelease|Any CPU
		{519ACC71-26B1-4312-AD42-231965817F20}.LinuxRelease|x86.Build.0 = LinuxRelease|Any CPU
		{519ACC71-26B1-4312-AD42-231965817F20}.PuttyDllDebug|Any CPU.ActiveCfg = Debug|Any CPU
		{519ACC71-26B1-4312-AD42-231965817F20}.PuttyDllDebug|Any CPU.Build.0 = Debug|Any CPU
		{519ACC71-26B1-4312-AD42-231965817F20}.PuttyDllDebug|ARM.ActiveCfg = Debug|Any CPU
		{519ACC71-26B1-4312-AD42-231965817F20}.PuttyDllDebug|ARM.Build.0 = Debug|Any CPU
		{519ACC71-26B1-4312-AD42-231965817F20}.PuttyDllDebug|ARM64.ActiveCfg = Debug|Any CPU
		{519ACC71-26B1-4312-AD42-231965817F20}.PuttyDllDebug|ARM64.Build.0 = Debug|Any CPU
		{519ACC71-26B1-4312-AD42-231965817F20}.PuttyDllDebug|iPhone.ActiveCfg = Debug|Any CPU
		{519ACC71-26B1-4312-AD42-231965817F20}.PuttyDllDebug|iPhone.Build.0 = Debug|Any CPU
		{519ACC71-26B1-4312-AD42-231965817F20}.PuttyDllDebug|iPhoneSimulator.ActiveCfg = Debug|Any CPU
		{519ACC71-26B1-4312-AD42-231965817F20}.PuttyDllDebug|iPhoneSimulator.Build.0 = Debug|Any CPU
		{519ACC71-26B1-4312-AD42-231965817F20}.PuttyDllDebug|x64.ActiveCfg = Debug|Any CPU
		{519ACC71-26B1-4312-AD42-231965817F20}.PuttyDllDebug|x64.Build.0 = Debug|Any CPU
		{519ACC71-26B1-4312-AD42-231965817F20}.PuttyDllDebug|x86.ActiveCfg = Debug|Any CPU
		{519ACC71-26B1-4312-AD42-231965817F20}.PuttyDllDebug|x86.Build.0 = Debug|Any CPU
		{519ACC71-26B1-4312-AD42-231965817F20}.Release|Any CPU.ActiveCfg = Release|Any CPU
		{519ACC71-26B1-4312-AD42-231965817F20}.Release|Any CPU.Build.0 = Release|Any CPU
		{519ACC71-26B1-4312-AD42-231965817F20}.Release|ARM.ActiveCfg = Release|Any CPU
		{519ACC71-26B1-4312-AD42-231965817F20}.Release|ARM.Build.0 = Release|Any CPU
		{519ACC71-26B1-4312-AD42-231965817F20}.Release|ARM64.ActiveCfg = Release|Any CPU
		{519ACC71-26B1-4312-AD42-231965817F20}.Release|ARM64.Build.0 = Release|Any CPU
		{519ACC71-26B1-4312-AD42-231965817F20}.Release|iPhone.ActiveCfg = Release|Any CPU
		{519ACC71-26B1-4312-AD42-231965817F20}.Release|iPhone.Build.0 = Release|Any CPU
		{519ACC71-26B1-4312-AD42-231965817F20}.Release|iPhoneSimulator.ActiveCfg = Release|Any CPU
		{519ACC71-26B1-4312-AD42-231965817F20}.Release|iPhoneSimulator.Build.0 = Release|Any CPU
		{519ACC71-26B1-4312-AD42-231965817F20}.Release|x64.ActiveCfg = Release|Any CPU
		{519ACC71-26B1-4312-AD42-231965817F20}.Release|x64.Build.0 = Release|Any CPU
		{519ACC71-26B1-4312-AD42-231965817F20}.Release|x86.ActiveCfg = Release|Any CPU
		{519ACC71-26B1-4312-AD42-231965817F20}.Release|x86.Build.0 = Release|Any CPU
		{90E282A0-61C3-47A4-A2A0-B318D6BC8DB4}.Ad-Hoc|Any CPU.ActiveCfg = Release|Any CPU
		{90E282A0-61C3-47A4-A2A0-B318D6BC8DB4}.Ad-Hoc|Any CPU.Build.0 = Release|Any CPU
		{90E282A0-61C3-47A4-A2A0-B318D6BC8DB4}.Ad-Hoc|ARM.ActiveCfg = Release|Any CPU
		{90E282A0-61C3-47A4-A2A0-B318D6BC8DB4}.Ad-Hoc|ARM.Build.0 = Release|Any CPU
		{90E282A0-61C3-47A4-A2A0-B318D6BC8DB4}.Ad-Hoc|ARM64.ActiveCfg = Release|Any CPU
		{90E282A0-61C3-47A4-A2A0-B318D6BC8DB4}.Ad-Hoc|ARM64.Build.0 = Release|Any CPU
		{90E282A0-61C3-47A4-A2A0-B318D6BC8DB4}.Ad-Hoc|iPhone.ActiveCfg = Release|Any CPU
		{90E282A0-61C3-47A4-A2A0-B318D6BC8DB4}.Ad-Hoc|iPhone.Build.0 = Release|Any CPU
		{90E282A0-61C3-47A4-A2A0-B318D6BC8DB4}.Ad-Hoc|iPhoneSimulator.ActiveCfg = Release|Any CPU
		{90E282A0-61C3-47A4-A2A0-B318D6BC8DB4}.Ad-Hoc|iPhoneSimulator.Build.0 = Release|Any CPU
		{90E282A0-61C3-47A4-A2A0-B318D6BC8DB4}.Ad-Hoc|x64.ActiveCfg = Release|Any CPU
		{90E282A0-61C3-47A4-A2A0-B318D6BC8DB4}.Ad-Hoc|x64.Build.0 = Release|Any CPU
		{90E282A0-61C3-47A4-A2A0-B318D6BC8DB4}.Ad-Hoc|x86.ActiveCfg = Release|x86
		{90E282A0-61C3-47A4-A2A0-B318D6BC8DB4}.Ad-Hoc|x86.Build.0 = Release|x86
		{90E282A0-61C3-47A4-A2A0-B318D6BC8DB4}.AppStore|Any CPU.ActiveCfg = Release|Any CPU
		{90E282A0-61C3-47A4-A2A0-B318D6BC8DB4}.AppStore|Any CPU.Build.0 = Release|Any CPU
		{90E282A0-61C3-47A4-A2A0-B318D6BC8DB4}.AppStore|ARM.ActiveCfg = Release|Any CPU
		{90E282A0-61C3-47A4-A2A0-B318D6BC8DB4}.AppStore|ARM.Build.0 = Release|Any CPU
		{90E282A0-61C3-47A4-A2A0-B318D6BC8DB4}.AppStore|ARM64.ActiveCfg = Release|Any CPU
		{90E282A0-61C3-47A4-A2A0-B318D6BC8DB4}.AppStore|ARM64.Build.0 = Release|Any CPU
		{90E282A0-61C3-47A4-A2A0-B318D6BC8DB4}.AppStore|iPhone.ActiveCfg = Release|Any CPU
		{90E282A0-61C3-47A4-A2A0-B318D6BC8DB4}.AppStore|iPhone.Build.0 = Release|Any CPU
		{90E282A0-61C3-47A4-A2A0-B318D6BC8DB4}.AppStore|iPhoneSimulator.ActiveCfg = Release|Any CPU
		{90E282A0-61C3-47A4-A2A0-B318D6BC8DB4}.AppStore|iPhoneSimulator.Build.0 = Release|Any CPU
		{90E282A0-61C3-47A4-A2A0-B318D6BC8DB4}.AppStore|x64.ActiveCfg = Release|Any CPU
		{90E282A0-61C3-47A4-A2A0-B318D6BC8DB4}.AppStore|x64.Build.0 = Release|Any CPU
		{90E282A0-61C3-47A4-A2A0-B318D6BC8DB4}.AppStore|x86.ActiveCfg = Release|x86
		{90E282A0-61C3-47A4-A2A0-B318D6BC8DB4}.AppStore|x86.Build.0 = Release|x86
		{90E282A0-61C3-47A4-A2A0-B318D6BC8DB4}.Debug|Any CPU.ActiveCfg = Debug|Any CPU
		{90E282A0-61C3-47A4-A2A0-B318D6BC8DB4}.Debug|Any CPU.Build.0 = Debug|Any CPU
		{90E282A0-61C3-47A4-A2A0-B318D6BC8DB4}.Debug|ARM.ActiveCfg = Debug|Any CPU
		{90E282A0-61C3-47A4-A2A0-B318D6BC8DB4}.Debug|ARM.Build.0 = Debug|Any CPU
		{90E282A0-61C3-47A4-A2A0-B318D6BC8DB4}.Debug|ARM64.ActiveCfg = Debug|Any CPU
		{90E282A0-61C3-47A4-A2A0-B318D6BC8DB4}.Debug|ARM64.Build.0 = Debug|Any CPU
		{90E282A0-61C3-47A4-A2A0-B318D6BC8DB4}.Debug|iPhone.ActiveCfg = Debug|Any CPU
		{90E282A0-61C3-47A4-A2A0-B318D6BC8DB4}.Debug|iPhone.Build.0 = Debug|Any CPU
		{90E282A0-61C3-47A4-A2A0-B318D6BC8DB4}.Debug|iPhoneSimulator.ActiveCfg = Debug|Any CPU
		{90E282A0-61C3-47A4-A2A0-B318D6BC8DB4}.Debug|iPhoneSimulator.Build.0 = Debug|Any CPU
		{90E282A0-61C3-47A4-A2A0-B318D6BC8DB4}.Debug|x64.ActiveCfg = Debug|Any CPU
		{90E282A0-61C3-47A4-A2A0-B318D6BC8DB4}.Debug|x64.Build.0 = Debug|Any CPU
		{90E282A0-61C3-47A4-A2A0-B318D6BC8DB4}.Debug|x86.ActiveCfg = Debug|x86
		{90E282A0-61C3-47A4-A2A0-B318D6BC8DB4}.Debug|x86.Build.0 = Debug|x86
		{90E282A0-61C3-47A4-A2A0-B318D6BC8DB4}.LinuxRelease|Any CPU.ActiveCfg = LinuxRelease|Any CPU
		{90E282A0-61C3-47A4-A2A0-B318D6BC8DB4}.LinuxRelease|Any CPU.Build.0 = LinuxRelease|Any CPU
		{90E282A0-61C3-47A4-A2A0-B318D6BC8DB4}.LinuxRelease|ARM.ActiveCfg = LinuxRelease|Any CPU
		{90E282A0-61C3-47A4-A2A0-B318D6BC8DB4}.LinuxRelease|ARM.Build.0 = LinuxRelease|Any CPU
		{90E282A0-61C3-47A4-A2A0-B318D6BC8DB4}.LinuxRelease|ARM64.ActiveCfg = LinuxRelease|Any CPU
		{90E282A0-61C3-47A4-A2A0-B318D6BC8DB4}.LinuxRelease|ARM64.Build.0 = LinuxRelease|Any CPU
		{90E282A0-61C3-47A4-A2A0-B318D6BC8DB4}.LinuxRelease|iPhone.ActiveCfg = LinuxRelease|Any CPU
		{90E282A0-61C3-47A4-A2A0-B318D6BC8DB4}.LinuxRelease|iPhone.Build.0 = LinuxRelease|Any CPU
		{90E282A0-61C3-47A4-A2A0-B318D6BC8DB4}.LinuxRelease|iPhoneSimulator.ActiveCfg = LinuxRelease|Any CPU
		{90E282A0-61C3-47A4-A2A0-B318D6BC8DB4}.LinuxRelease|iPhoneSimulator.Build.0 = LinuxRelease|Any CPU
		{90E282A0-61C3-47A4-A2A0-B318D6BC8DB4}.LinuxRelease|x64.ActiveCfg = LinuxRelease|Any CPU
		{90E282A0-61C3-47A4-A2A0-B318D6BC8DB4}.LinuxRelease|x64.Build.0 = LinuxRelease|Any CPU
		{90E282A0-61C3-47A4-A2A0-B318D6BC8DB4}.LinuxRelease|x86.ActiveCfg = LinuxRelease|x86
		{90E282A0-61C3-47A4-A2A0-B318D6BC8DB4}.LinuxRelease|x86.Build.0 = LinuxRelease|x86
		{90E282A0-61C3-47A4-A2A0-B318D6BC8DB4}.PuttyDllDebug|Any CPU.ActiveCfg = Debug|Any CPU
		{90E282A0-61C3-47A4-A2A0-B318D6BC8DB4}.PuttyDllDebug|Any CPU.Build.0 = Debug|Any CPU
		{90E282A0-61C3-47A4-A2A0-B318D6BC8DB4}.PuttyDllDebug|ARM.ActiveCfg = Debug|Any CPU
		{90E282A0-61C3-47A4-A2A0-B318D6BC8DB4}.PuttyDllDebug|ARM.Build.0 = Debug|Any CPU
		{90E282A0-61C3-47A4-A2A0-B318D6BC8DB4}.PuttyDllDebug|ARM64.ActiveCfg = Debug|Any CPU
		{90E282A0-61C3-47A4-A2A0-B318D6BC8DB4}.PuttyDllDebug|ARM64.Build.0 = Debug|Any CPU
		{90E282A0-61C3-47A4-A2A0-B318D6BC8DB4}.PuttyDllDebug|iPhone.ActiveCfg = Debug|Any CPU
		{90E282A0-61C3-47A4-A2A0-B318D6BC8DB4}.PuttyDllDebug|iPhone.Build.0 = Debug|Any CPU
		{90E282A0-61C3-47A4-A2A0-B318D6BC8DB4}.PuttyDllDebug|iPhoneSimulator.ActiveCfg = Debug|Any CPU
		{90E282A0-61C3-47A4-A2A0-B318D6BC8DB4}.PuttyDllDebug|iPhoneSimulator.Build.0 = Debug|Any CPU
		{90E282A0-61C3-47A4-A2A0-B318D6BC8DB4}.PuttyDllDebug|x64.ActiveCfg = Debug|Any CPU
		{90E282A0-61C3-47A4-A2A0-B318D6BC8DB4}.PuttyDllDebug|x64.Build.0 = Debug|Any CPU
		{90E282A0-61C3-47A4-A2A0-B318D6BC8DB4}.PuttyDllDebug|x86.ActiveCfg = Debug|x86
		{90E282A0-61C3-47A4-A2A0-B318D6BC8DB4}.PuttyDllDebug|x86.Build.0 = Debug|x86
		{90E282A0-61C3-47A4-A2A0-B318D6BC8DB4}.Release|Any CPU.ActiveCfg = Release|Any CPU
		{90E282A0-61C3-47A4-A2A0-B318D6BC8DB4}.Release|Any CPU.Build.0 = Release|Any CPU
		{90E282A0-61C3-47A4-A2A0-B318D6BC8DB4}.Release|ARM.ActiveCfg = Release|Any CPU
		{90E282A0-61C3-47A4-A2A0-B318D6BC8DB4}.Release|ARM.Build.0 = Release|Any CPU
		{90E282A0-61C3-47A4-A2A0-B318D6BC8DB4}.Release|ARM64.ActiveCfg = Release|Any CPU
		{90E282A0-61C3-47A4-A2A0-B318D6BC8DB4}.Release|ARM64.Build.0 = Release|Any CPU
		{90E282A0-61C3-47A4-A2A0-B318D6BC8DB4}.Release|iPhone.ActiveCfg = Release|Any CPU
		{90E282A0-61C3-47A4-A2A0-B318D6BC8DB4}.Release|iPhone.Build.0 = Release|Any CPU
		{90E282A0-61C3-47A4-A2A0-B318D6BC8DB4}.Release|iPhoneSimulator.ActiveCfg = Release|Any CPU
		{90E282A0-61C3-47A4-A2A0-B318D6BC8DB4}.Release|iPhoneSimulator.Build.0 = Release|Any CPU
		{90E282A0-61C3-47A4-A2A0-B318D6BC8DB4}.Release|x64.ActiveCfg = Release|Any CPU
		{90E282A0-61C3-47A4-A2A0-B318D6BC8DB4}.Release|x64.Build.0 = Release|Any CPU
		{90E282A0-61C3-47A4-A2A0-B318D6BC8DB4}.Release|x86.ActiveCfg = Release|x86
		{90E282A0-61C3-47A4-A2A0-B318D6BC8DB4}.Release|x86.Build.0 = Release|x86
		{2409C96E-18FC-4420-A755-A2509F3B33C2}.Ad-Hoc|Any CPU.ActiveCfg = Debug|x86
		{2409C96E-18FC-4420-A755-A2509F3B33C2}.Ad-Hoc|Any CPU.Build.0 = Debug|x86
		{2409C96E-18FC-4420-A755-A2509F3B33C2}.Ad-Hoc|ARM.ActiveCfg = Debug|x86
		{2409C96E-18FC-4420-A755-A2509F3B33C2}.Ad-Hoc|ARM.Build.0 = Debug|x86
		{2409C96E-18FC-4420-A755-A2509F3B33C2}.Ad-Hoc|ARM64.ActiveCfg = Debug|x86
		{2409C96E-18FC-4420-A755-A2509F3B33C2}.Ad-Hoc|ARM64.Build.0 = Debug|x86
		{2409C96E-18FC-4420-A755-A2509F3B33C2}.Ad-Hoc|iPhone.ActiveCfg = Debug|x86
		{2409C96E-18FC-4420-A755-A2509F3B33C2}.Ad-Hoc|iPhone.Build.0 = Debug|x86
		{2409C96E-18FC-4420-A755-A2509F3B33C2}.Ad-Hoc|iPhoneSimulator.ActiveCfg = Debug|x86
		{2409C96E-18FC-4420-A755-A2509F3B33C2}.Ad-Hoc|iPhoneSimulator.Build.0 = Debug|x86
		{2409C96E-18FC-4420-A755-A2509F3B33C2}.Ad-Hoc|x64.ActiveCfg = Debug|x64
		{2409C96E-18FC-4420-A755-A2509F3B33C2}.Ad-Hoc|x64.Build.0 = Debug|x64
		{2409C96E-18FC-4420-A755-A2509F3B33C2}.Ad-Hoc|x86.ActiveCfg = Debug|x86
		{2409C96E-18FC-4420-A755-A2509F3B33C2}.Ad-Hoc|x86.Build.0 = Debug|x86
		{2409C96E-18FC-4420-A755-A2509F3B33C2}.AppStore|Any CPU.ActiveCfg = Debug|x86
		{2409C96E-18FC-4420-A755-A2509F3B33C2}.AppStore|Any CPU.Build.0 = Debug|x86
		{2409C96E-18FC-4420-A755-A2509F3B33C2}.AppStore|ARM.ActiveCfg = Debug|x86
		{2409C96E-18FC-4420-A755-A2509F3B33C2}.AppStore|ARM.Build.0 = Debug|x86
		{2409C96E-18FC-4420-A755-A2509F3B33C2}.AppStore|ARM64.ActiveCfg = Debug|x86
		{2409C96E-18FC-4420-A755-A2509F3B33C2}.AppStore|ARM64.Build.0 = Debug|x86
		{2409C96E-18FC-4420-A755-A2509F3B33C2}.AppStore|iPhone.ActiveCfg = Debug|x86
		{2409C96E-18FC-4420-A755-A2509F3B33C2}.AppStore|iPhone.Build.0 = Debug|x86
		{2409C96E-18FC-4420-A755-A2509F3B33C2}.AppStore|iPhoneSimulator.ActiveCfg = Debug|x86
		{2409C96E-18FC-4420-A755-A2509F3B33C2}.AppStore|iPhoneSimulator.Build.0 = Debug|x86
		{2409C96E-18FC-4420-A755-A2509F3B33C2}.AppStore|x64.ActiveCfg = Debug|x64
		{2409C96E-18FC-4420-A755-A2509F3B33C2}.AppStore|x64.Build.0 = Debug|x64
		{2409C96E-18FC-4420-A755-A2509F3B33C2}.AppStore|x86.ActiveCfg = Debug|x86
		{2409C96E-18FC-4420-A755-A2509F3B33C2}.AppStore|x86.Build.0 = Debug|x86
		{2409C96E-18FC-4420-A755-A2509F3B33C2}.Debug|Any CPU.ActiveCfg = Debug|x86
		{2409C96E-18FC-4420-A755-A2509F3B33C2}.Debug|ARM.ActiveCfg = Debug|x86
		{2409C96E-18FC-4420-A755-A2509F3B33C2}.Debug|ARM64.ActiveCfg = Debug|x86
		{2409C96E-18FC-4420-A755-A2509F3B33C2}.Debug|iPhone.ActiveCfg = Debug|x86
		{2409C96E-18FC-4420-A755-A2509F3B33C2}.Debug|iPhoneSimulator.ActiveCfg = Debug|x86
		{2409C96E-18FC-4420-A755-A2509F3B33C2}.Debug|x64.ActiveCfg = Debug|x64
		{2409C96E-18FC-4420-A755-A2509F3B33C2}.Debug|x64.Build.0 = Debug|x64
		{2409C96E-18FC-4420-A755-A2509F3B33C2}.Debug|x86.ActiveCfg = Debug|x86
		{2409C96E-18FC-4420-A755-A2509F3B33C2}.Debug|x86.Build.0 = Debug|x86
		{2409C96E-18FC-4420-A755-A2509F3B33C2}.LinuxRelease|Any CPU.ActiveCfg = LinuxRelease|x86
		{2409C96E-18FC-4420-A755-A2509F3B33C2}.LinuxRelease|ARM.ActiveCfg = LinuxRelease|x86
		{2409C96E-18FC-4420-A755-A2509F3B33C2}.LinuxRelease|ARM64.ActiveCfg = LinuxRelease|x86
		{2409C96E-18FC-4420-A755-A2509F3B33C2}.LinuxRelease|iPhone.ActiveCfg = LinuxRelease|x86
		{2409C96E-18FC-4420-A755-A2509F3B33C2}.LinuxRelease|iPhoneSimulator.ActiveCfg = LinuxRelease|x86
		{2409C96E-18FC-4420-A755-A2509F3B33C2}.LinuxRelease|x64.ActiveCfg = LinuxRelease|x64
		{2409C96E-18FC-4420-A755-A2509F3B33C2}.LinuxRelease|x64.Build.0 = LinuxRelease|x64
		{2409C96E-18FC-4420-A755-A2509F3B33C2}.LinuxRelease|x86.ActiveCfg = LinuxRelease|x86
		{2409C96E-18FC-4420-A755-A2509F3B33C2}.LinuxRelease|x86.Build.0 = LinuxRelease|x86
		{2409C96E-18FC-4420-A755-A2509F3B33C2}.PuttyDllDebug|Any CPU.ActiveCfg = PuttyDllDebug|x86
		{2409C96E-18FC-4420-A755-A2509F3B33C2}.PuttyDllDebug|ARM.ActiveCfg = PuttyDllDebug|x86
		{2409C96E-18FC-4420-A755-A2509F3B33C2}.PuttyDllDebug|ARM64.ActiveCfg = PuttyDllDebug|x86
		{2409C96E-18FC-4420-A755-A2509F3B33C2}.PuttyDllDebug|iPhone.ActiveCfg = PuttyDllDebug|x86
		{2409C96E-18FC-4420-A755-A2509F3B33C2}.PuttyDllDebug|iPhoneSimulator.ActiveCfg = PuttyDllDebug|x86
		{2409C96E-18FC-4420-A755-A2509F3B33C2}.PuttyDllDebug|x64.ActiveCfg = PuttyDllDebug|x64
		{2409C96E-18FC-4420-A755-A2509F3B33C2}.PuttyDllDebug|x64.Build.0 = PuttyDllDebug|x64
		{2409C96E-18FC-4420-A755-A2509F3B33C2}.PuttyDllDebug|x86.ActiveCfg = PuttyDllDebug|x86
		{2409C96E-18FC-4420-A755-A2509F3B33C2}.PuttyDllDebug|x86.Build.0 = PuttyDllDebug|x86
		{2409C96E-18FC-4420-A755-A2509F3B33C2}.Release|Any CPU.ActiveCfg = Release|x86
		{2409C96E-18FC-4420-A755-A2509F3B33C2}.Release|ARM.ActiveCfg = Release|x86
		{2409C96E-18FC-4420-A755-A2509F3B33C2}.Release|ARM64.ActiveCfg = Release|x86
		{2409C96E-18FC-4420-A755-A2509F3B33C2}.Release|iPhone.ActiveCfg = Release|x86
		{2409C96E-18FC-4420-A755-A2509F3B33C2}.Release|iPhoneSimulator.ActiveCfg = Release|x86
		{2409C96E-18FC-4420-A755-A2509F3B33C2}.Release|x64.ActiveCfg = Release|x64
		{2409C96E-18FC-4420-A755-A2509F3B33C2}.Release|x64.Build.0 = Release|x64
		{2409C96E-18FC-4420-A755-A2509F3B33C2}.Release|x86.ActiveCfg = Release|x86
		{2409C96E-18FC-4420-A755-A2509F3B33C2}.Release|x86.Build.0 = Release|x86
		{22EAEBEF-5AAC-4A39-979F-098BA2D4065D}.Ad-Hoc|Any CPU.ActiveCfg = Debug|Any CPU
		{22EAEBEF-5AAC-4A39-979F-098BA2D4065D}.Ad-Hoc|Any CPU.Build.0 = Debug|Any CPU
		{22EAEBEF-5AAC-4A39-979F-098BA2D4065D}.Ad-Hoc|Any CPU.Deploy.0 = Debug|Any CPU
		{22EAEBEF-5AAC-4A39-979F-098BA2D4065D}.Ad-Hoc|ARM.ActiveCfg = Debug|Any CPU
		{22EAEBEF-5AAC-4A39-979F-098BA2D4065D}.Ad-Hoc|ARM.Build.0 = Debug|Any CPU
		{22EAEBEF-5AAC-4A39-979F-098BA2D4065D}.Ad-Hoc|ARM.Deploy.0 = Debug|Any CPU
		{22EAEBEF-5AAC-4A39-979F-098BA2D4065D}.Ad-Hoc|ARM64.ActiveCfg = Debug|Any CPU
		{22EAEBEF-5AAC-4A39-979F-098BA2D4065D}.Ad-Hoc|ARM64.Build.0 = Debug|Any CPU
		{22EAEBEF-5AAC-4A39-979F-098BA2D4065D}.Ad-Hoc|ARM64.Deploy.0 = Debug|Any CPU
		{22EAEBEF-5AAC-4A39-979F-098BA2D4065D}.Ad-Hoc|iPhone.ActiveCfg = Debug|Any CPU
		{22EAEBEF-5AAC-4A39-979F-098BA2D4065D}.Ad-Hoc|iPhone.Build.0 = Debug|Any CPU
		{22EAEBEF-5AAC-4A39-979F-098BA2D4065D}.Ad-Hoc|iPhone.Deploy.0 = Debug|Any CPU
		{22EAEBEF-5AAC-4A39-979F-098BA2D4065D}.Ad-Hoc|iPhoneSimulator.ActiveCfg = Debug|Any CPU
		{22EAEBEF-5AAC-4A39-979F-098BA2D4065D}.Ad-Hoc|iPhoneSimulator.Build.0 = Debug|Any CPU
		{22EAEBEF-5AAC-4A39-979F-098BA2D4065D}.Ad-Hoc|iPhoneSimulator.Deploy.0 = Debug|Any CPU
		{22EAEBEF-5AAC-4A39-979F-098BA2D4065D}.Ad-Hoc|x64.ActiveCfg = Debug|Any CPU
		{22EAEBEF-5AAC-4A39-979F-098BA2D4065D}.Ad-Hoc|x64.Build.0 = Debug|Any CPU
		{22EAEBEF-5AAC-4A39-979F-098BA2D4065D}.Ad-Hoc|x64.Deploy.0 = Debug|Any CPU
		{22EAEBEF-5AAC-4A39-979F-098BA2D4065D}.Ad-Hoc|x86.ActiveCfg = Debug|Any CPU
		{22EAEBEF-5AAC-4A39-979F-098BA2D4065D}.Ad-Hoc|x86.Build.0 = Debug|Any CPU
		{22EAEBEF-5AAC-4A39-979F-098BA2D4065D}.Ad-Hoc|x86.Deploy.0 = Debug|Any CPU
		{22EAEBEF-5AAC-4A39-979F-098BA2D4065D}.AppStore|Any CPU.ActiveCfg = Debug|Any CPU
		{22EAEBEF-5AAC-4A39-979F-098BA2D4065D}.AppStore|Any CPU.Build.0 = Debug|Any CPU
		{22EAEBEF-5AAC-4A39-979F-098BA2D4065D}.AppStore|Any CPU.Deploy.0 = Debug|Any CPU
		{22EAEBEF-5AAC-4A39-979F-098BA2D4065D}.AppStore|ARM.ActiveCfg = Debug|Any CPU
		{22EAEBEF-5AAC-4A39-979F-098BA2D4065D}.AppStore|ARM.Build.0 = Debug|Any CPU
		{22EAEBEF-5AAC-4A39-979F-098BA2D4065D}.AppStore|ARM.Deploy.0 = Debug|Any CPU
		{22EAEBEF-5AAC-4A39-979F-098BA2D4065D}.AppStore|ARM64.ActiveCfg = Debug|Any CPU
		{22EAEBEF-5AAC-4A39-979F-098BA2D4065D}.AppStore|ARM64.Build.0 = Debug|Any CPU
		{22EAEBEF-5AAC-4A39-979F-098BA2D4065D}.AppStore|ARM64.Deploy.0 = Debug|Any CPU
		{22EAEBEF-5AAC-4A39-979F-098BA2D4065D}.AppStore|iPhone.ActiveCfg = Debug|Any CPU
		{22EAEBEF-5AAC-4A39-979F-098BA2D4065D}.AppStore|iPhone.Build.0 = Debug|Any CPU
		{22EAEBEF-5AAC-4A39-979F-098BA2D4065D}.AppStore|iPhone.Deploy.0 = Debug|Any CPU
		{22EAEBEF-5AAC-4A39-979F-098BA2D4065D}.AppStore|iPhoneSimulator.ActiveCfg = Debug|Any CPU
		{22EAEBEF-5AAC-4A39-979F-098BA2D4065D}.AppStore|iPhoneSimulator.Build.0 = Debug|Any CPU
		{22EAEBEF-5AAC-4A39-979F-098BA2D4065D}.AppStore|iPhoneSimulator.Deploy.0 = Debug|Any CPU
		{22EAEBEF-5AAC-4A39-979F-098BA2D4065D}.AppStore|x64.ActiveCfg = Debug|Any CPU
		{22EAEBEF-5AAC-4A39-979F-098BA2D4065D}.AppStore|x64.Build.0 = Debug|Any CPU
		{22EAEBEF-5AAC-4A39-979F-098BA2D4065D}.AppStore|x64.Deploy.0 = Debug|Any CPU
		{22EAEBEF-5AAC-4A39-979F-098BA2D4065D}.AppStore|x86.ActiveCfg = Debug|Any CPU
		{22EAEBEF-5AAC-4A39-979F-098BA2D4065D}.AppStore|x86.Build.0 = Debug|Any CPU
		{22EAEBEF-5AAC-4A39-979F-098BA2D4065D}.AppStore|x86.Deploy.0 = Debug|Any CPU
		{22EAEBEF-5AAC-4A39-979F-098BA2D4065D}.Debug|Any CPU.ActiveCfg = Debug|Any CPU
		{22EAEBEF-5AAC-4A39-979F-098BA2D4065D}.Debug|Any CPU.Build.0 = Debug|Any CPU
		{22EAEBEF-5AAC-4A39-979F-098BA2D4065D}.Debug|Any CPU.Deploy.0 = Debug|Any CPU
		{22EAEBEF-5AAC-4A39-979F-098BA2D4065D}.Debug|ARM.ActiveCfg = Debug|Any CPU
		{22EAEBEF-5AAC-4A39-979F-098BA2D4065D}.Debug|ARM.Build.0 = Debug|Any CPU
		{22EAEBEF-5AAC-4A39-979F-098BA2D4065D}.Debug|ARM.Deploy.0 = Debug|Any CPU
		{22EAEBEF-5AAC-4A39-979F-098BA2D4065D}.Debug|ARM64.ActiveCfg = Debug|Any CPU
		{22EAEBEF-5AAC-4A39-979F-098BA2D4065D}.Debug|ARM64.Build.0 = Debug|Any CPU
		{22EAEBEF-5AAC-4A39-979F-098BA2D4065D}.Debug|ARM64.Deploy.0 = Debug|Any CPU
		{22EAEBEF-5AAC-4A39-979F-098BA2D4065D}.Debug|iPhone.ActiveCfg = Debug|Any CPU
		{22EAEBEF-5AAC-4A39-979F-098BA2D4065D}.Debug|iPhone.Build.0 = Debug|Any CPU
		{22EAEBEF-5AAC-4A39-979F-098BA2D4065D}.Debug|iPhone.Deploy.0 = Debug|Any CPU
		{22EAEBEF-5AAC-4A39-979F-098BA2D4065D}.Debug|iPhoneSimulator.ActiveCfg = Debug|Any CPU
		{22EAEBEF-5AAC-4A39-979F-098BA2D4065D}.Debug|iPhoneSimulator.Build.0 = Debug|Any CPU
		{22EAEBEF-5AAC-4A39-979F-098BA2D4065D}.Debug|iPhoneSimulator.Deploy.0 = Debug|Any CPU
		{22EAEBEF-5AAC-4A39-979F-098BA2D4065D}.Debug|x64.ActiveCfg = Debug|Any CPU
		{22EAEBEF-5AAC-4A39-979F-098BA2D4065D}.Debug|x64.Build.0 = Debug|Any CPU
		{22EAEBEF-5AAC-4A39-979F-098BA2D4065D}.Debug|x64.Deploy.0 = Debug|Any CPU
		{22EAEBEF-5AAC-4A39-979F-098BA2D4065D}.Debug|x86.ActiveCfg = Debug|Any CPU
		{22EAEBEF-5AAC-4A39-979F-098BA2D4065D}.Debug|x86.Build.0 = Debug|Any CPU
		{22EAEBEF-5AAC-4A39-979F-098BA2D4065D}.Debug|x86.Deploy.0 = Debug|Any CPU
		{22EAEBEF-5AAC-4A39-979F-098BA2D4065D}.LinuxRelease|Any CPU.ActiveCfg = LinuxRelease|Any CPU
		{22EAEBEF-5AAC-4A39-979F-098BA2D4065D}.LinuxRelease|Any CPU.Build.0 = LinuxRelease|Any CPU
		{22EAEBEF-5AAC-4A39-979F-098BA2D4065D}.LinuxRelease|Any CPU.Deploy.0 = LinuxRelease|Any CPU
		{22EAEBEF-5AAC-4A39-979F-098BA2D4065D}.LinuxRelease|ARM.ActiveCfg = LinuxRelease|Any CPU
		{22EAEBEF-5AAC-4A39-979F-098BA2D4065D}.LinuxRelease|ARM.Build.0 = LinuxRelease|Any CPU
		{22EAEBEF-5AAC-4A39-979F-098BA2D4065D}.LinuxRelease|ARM.Deploy.0 = LinuxRelease|Any CPU
		{22EAEBEF-5AAC-4A39-979F-098BA2D4065D}.LinuxRelease|ARM64.ActiveCfg = LinuxRelease|Any CPU
		{22EAEBEF-5AAC-4A39-979F-098BA2D4065D}.LinuxRelease|ARM64.Build.0 = LinuxRelease|Any CPU
		{22EAEBEF-5AAC-4A39-979F-098BA2D4065D}.LinuxRelease|ARM64.Deploy.0 = LinuxRelease|Any CPU
		{22EAEBEF-5AAC-4A39-979F-098BA2D4065D}.LinuxRelease|iPhone.ActiveCfg = LinuxRelease|Any CPU
		{22EAEBEF-5AAC-4A39-979F-098BA2D4065D}.LinuxRelease|iPhone.Build.0 = LinuxRelease|Any CPU
		{22EAEBEF-5AAC-4A39-979F-098BA2D4065D}.LinuxRelease|iPhone.Deploy.0 = LinuxRelease|Any CPU
		{22EAEBEF-5AAC-4A39-979F-098BA2D4065D}.LinuxRelease|iPhoneSimulator.ActiveCfg = LinuxRelease|Any CPU
		{22EAEBEF-5AAC-4A39-979F-098BA2D4065D}.LinuxRelease|iPhoneSimulator.Build.0 = LinuxRelease|Any CPU
		{22EAEBEF-5AAC-4A39-979F-098BA2D4065D}.LinuxRelease|iPhoneSimulator.Deploy.0 = LinuxRelease|Any CPU
		{22EAEBEF-5AAC-4A39-979F-098BA2D4065D}.LinuxRelease|x64.ActiveCfg = LinuxRelease|Any CPU
		{22EAEBEF-5AAC-4A39-979F-098BA2D4065D}.LinuxRelease|x64.Build.0 = LinuxRelease|Any CPU
		{22EAEBEF-5AAC-4A39-979F-098BA2D4065D}.LinuxRelease|x64.Deploy.0 = LinuxRelease|Any CPU
		{22EAEBEF-5AAC-4A39-979F-098BA2D4065D}.LinuxRelease|x86.ActiveCfg = LinuxRelease|Any CPU
		{22EAEBEF-5AAC-4A39-979F-098BA2D4065D}.LinuxRelease|x86.Build.0 = LinuxRelease|Any CPU
		{22EAEBEF-5AAC-4A39-979F-098BA2D4065D}.LinuxRelease|x86.Deploy.0 = LinuxRelease|Any CPU
		{22EAEBEF-5AAC-4A39-979F-098BA2D4065D}.PuttyDllDebug|Any CPU.ActiveCfg = Debug|Any CPU
		{22EAEBEF-5AAC-4A39-979F-098BA2D4065D}.PuttyDllDebug|Any CPU.Build.0 = Debug|Any CPU
		{22EAEBEF-5AAC-4A39-979F-098BA2D4065D}.PuttyDllDebug|Any CPU.Deploy.0 = Debug|Any CPU
		{22EAEBEF-5AAC-4A39-979F-098BA2D4065D}.PuttyDllDebug|ARM.ActiveCfg = Debug|Any CPU
		{22EAEBEF-5AAC-4A39-979F-098BA2D4065D}.PuttyDllDebug|ARM.Build.0 = Debug|Any CPU
		{22EAEBEF-5AAC-4A39-979F-098BA2D4065D}.PuttyDllDebug|ARM.Deploy.0 = Debug|Any CPU
		{22EAEBEF-5AAC-4A39-979F-098BA2D4065D}.PuttyDllDebug|ARM64.ActiveCfg = Debug|Any CPU
		{22EAEBEF-5AAC-4A39-979F-098BA2D4065D}.PuttyDllDebug|ARM64.Build.0 = Debug|Any CPU
		{22EAEBEF-5AAC-4A39-979F-098BA2D4065D}.PuttyDllDebug|ARM64.Deploy.0 = Debug|Any CPU
		{22EAEBEF-5AAC-4A39-979F-098BA2D4065D}.PuttyDllDebug|iPhone.ActiveCfg = Debug|Any CPU
		{22EAEBEF-5AAC-4A39-979F-098BA2D4065D}.PuttyDllDebug|iPhone.Build.0 = Debug|Any CPU
		{22EAEBEF-5AAC-4A39-979F-098BA2D4065D}.PuttyDllDebug|iPhone.Deploy.0 = Debug|Any CPU
		{22EAEBEF-5AAC-4A39-979F-098BA2D4065D}.PuttyDllDebug|iPhoneSimulator.ActiveCfg = Debug|Any CPU
		{22EAEBEF-5AAC-4A39-979F-098BA2D4065D}.PuttyDllDebug|iPhoneSimulator.Build.0 = Debug|Any CPU
		{22EAEBEF-5AAC-4A39-979F-098BA2D4065D}.PuttyDllDebug|iPhoneSimulator.Deploy.0 = Debug|Any CPU
		{22EAEBEF-5AAC-4A39-979F-098BA2D4065D}.PuttyDllDebug|x64.ActiveCfg = Debug|Any CPU
		{22EAEBEF-5AAC-4A39-979F-098BA2D4065D}.PuttyDllDebug|x64.Build.0 = Debug|Any CPU
		{22EAEBEF-5AAC-4A39-979F-098BA2D4065D}.PuttyDllDebug|x64.Deploy.0 = Debug|Any CPU
		{22EAEBEF-5AAC-4A39-979F-098BA2D4065D}.PuttyDllDebug|x86.ActiveCfg = Debug|Any CPU
		{22EAEBEF-5AAC-4A39-979F-098BA2D4065D}.PuttyDllDebug|x86.Build.0 = Debug|Any CPU
		{22EAEBEF-5AAC-4A39-979F-098BA2D4065D}.PuttyDllDebug|x86.Deploy.0 = Debug|Any CPU
		{22EAEBEF-5AAC-4A39-979F-098BA2D4065D}.Release|Any CPU.ActiveCfg = Release|Any CPU
		{22EAEBEF-5AAC-4A39-979F-098BA2D4065D}.Release|Any CPU.Build.0 = Release|Any CPU
		{22EAEBEF-5AAC-4A39-979F-098BA2D4065D}.Release|Any CPU.Deploy.0 = Release|Any CPU
		{22EAEBEF-5AAC-4A39-979F-098BA2D4065D}.Release|ARM.ActiveCfg = Release|Any CPU
		{22EAEBEF-5AAC-4A39-979F-098BA2D4065D}.Release|ARM.Build.0 = Release|Any CPU
		{22EAEBEF-5AAC-4A39-979F-098BA2D4065D}.Release|ARM.Deploy.0 = Release|Any CPU
		{22EAEBEF-5AAC-4A39-979F-098BA2D4065D}.Release|ARM64.ActiveCfg = Release|Any CPU
		{22EAEBEF-5AAC-4A39-979F-098BA2D4065D}.Release|ARM64.Build.0 = Release|Any CPU
		{22EAEBEF-5AAC-4A39-979F-098BA2D4065D}.Release|ARM64.Deploy.0 = Release|Any CPU
		{22EAEBEF-5AAC-4A39-979F-098BA2D4065D}.Release|iPhone.ActiveCfg = Release|Any CPU
		{22EAEBEF-5AAC-4A39-979F-098BA2D4065D}.Release|iPhone.Build.0 = Release|Any CPU
		{22EAEBEF-5AAC-4A39-979F-098BA2D4065D}.Release|iPhone.Deploy.0 = Release|Any CPU
		{22EAEBEF-5AAC-4A39-979F-098BA2D4065D}.Release|iPhoneSimulator.ActiveCfg = Release|Any CPU
		{22EAEBEF-5AAC-4A39-979F-098BA2D4065D}.Release|iPhoneSimulator.Build.0 = Release|Any CPU
		{22EAEBEF-5AAC-4A39-979F-098BA2D4065D}.Release|iPhoneSimulator.Deploy.0 = Release|Any CPU
		{22EAEBEF-5AAC-4A39-979F-098BA2D4065D}.Release|x64.ActiveCfg = Release|Any CPU
		{22EAEBEF-5AAC-4A39-979F-098BA2D4065D}.Release|x64.Build.0 = Release|Any CPU
		{22EAEBEF-5AAC-4A39-979F-098BA2D4065D}.Release|x64.Deploy.0 = Release|Any CPU
		{22EAEBEF-5AAC-4A39-979F-098BA2D4065D}.Release|x86.ActiveCfg = Release|Any CPU
		{22EAEBEF-5AAC-4A39-979F-098BA2D4065D}.Release|x86.Build.0 = Release|Any CPU
		{22EAEBEF-5AAC-4A39-979F-098BA2D4065D}.Release|x86.Deploy.0 = Release|Any CPU
		{237C0D5E-E44E-4F2D-89A0-E748E5EC1023}.Ad-Hoc|Any CPU.ActiveCfg = Debug|Any CPU
		{237C0D5E-E44E-4F2D-89A0-E748E5EC1023}.Ad-Hoc|Any CPU.Build.0 = Debug|Any CPU
		{237C0D5E-E44E-4F2D-89A0-E748E5EC1023}.Ad-Hoc|ARM.ActiveCfg = Debug|Any CPU
		{237C0D5E-E44E-4F2D-89A0-E748E5EC1023}.Ad-Hoc|ARM.Build.0 = Debug|Any CPU
		{237C0D5E-E44E-4F2D-89A0-E748E5EC1023}.Ad-Hoc|ARM64.ActiveCfg = Debug|Any CPU
		{237C0D5E-E44E-4F2D-89A0-E748E5EC1023}.Ad-Hoc|ARM64.Build.0 = Debug|Any CPU
		{237C0D5E-E44E-4F2D-89A0-E748E5EC1023}.Ad-Hoc|iPhone.ActiveCfg = Debug|Any CPU
		{237C0D5E-E44E-4F2D-89A0-E748E5EC1023}.Ad-Hoc|iPhone.Build.0 = Debug|Any CPU
		{237C0D5E-E44E-4F2D-89A0-E748E5EC1023}.Ad-Hoc|iPhoneSimulator.ActiveCfg = Debug|Any CPU
		{237C0D5E-E44E-4F2D-89A0-E748E5EC1023}.Ad-Hoc|iPhoneSimulator.Build.0 = Debug|Any CPU
		{237C0D5E-E44E-4F2D-89A0-E748E5EC1023}.Ad-Hoc|x64.ActiveCfg = Debug|Any CPU
		{237C0D5E-E44E-4F2D-89A0-E748E5EC1023}.Ad-Hoc|x64.Build.0 = Debug|Any CPU
		{237C0D5E-E44E-4F2D-89A0-E748E5EC1023}.Ad-Hoc|x86.ActiveCfg = Debug|Any CPU
		{237C0D5E-E44E-4F2D-89A0-E748E5EC1023}.Ad-Hoc|x86.Build.0 = Debug|Any CPU
		{237C0D5E-E44E-4F2D-89A0-E748E5EC1023}.AppStore|Any CPU.ActiveCfg = Debug|Any CPU
		{237C0D5E-E44E-4F2D-89A0-E748E5EC1023}.AppStore|Any CPU.Build.0 = Debug|Any CPU
		{237C0D5E-E44E-4F2D-89A0-E748E5EC1023}.AppStore|ARM.ActiveCfg = Debug|Any CPU
		{237C0D5E-E44E-4F2D-89A0-E748E5EC1023}.AppStore|ARM.Build.0 = Debug|Any CPU
		{237C0D5E-E44E-4F2D-89A0-E748E5EC1023}.AppStore|ARM64.ActiveCfg = Debug|Any CPU
		{237C0D5E-E44E-4F2D-89A0-E748E5EC1023}.AppStore|ARM64.Build.0 = Debug|Any CPU
		{237C0D5E-E44E-4F2D-89A0-E748E5EC1023}.AppStore|iPhone.ActiveCfg = Debug|Any CPU
		{237C0D5E-E44E-4F2D-89A0-E748E5EC1023}.AppStore|iPhone.Build.0 = Debug|Any CPU
		{237C0D5E-E44E-4F2D-89A0-E748E5EC1023}.AppStore|iPhoneSimulator.ActiveCfg = Debug|Any CPU
		{237C0D5E-E44E-4F2D-89A0-E748E5EC1023}.AppStore|iPhoneSimulator.Build.0 = Debug|Any CPU
		{237C0D5E-E44E-4F2D-89A0-E748E5EC1023}.AppStore|x64.ActiveCfg = Debug|Any CPU
		{237C0D5E-E44E-4F2D-89A0-E748E5EC1023}.AppStore|x64.Build.0 = Debug|Any CPU
		{237C0D5E-E44E-4F2D-89A0-E748E5EC1023}.AppStore|x86.ActiveCfg = Debug|Any CPU
		{237C0D5E-E44E-4F2D-89A0-E748E5EC1023}.AppStore|x86.Build.0 = Debug|Any CPU
		{237C0D5E-E44E-4F2D-89A0-E748E5EC1023}.Debug|Any CPU.ActiveCfg = Debug|Any CPU
		{237C0D5E-E44E-4F2D-89A0-E748E5EC1023}.Debug|Any CPU.Build.0 = Debug|Any CPU
		{237C0D5E-E44E-4F2D-89A0-E748E5EC1023}.Debug|ARM.ActiveCfg = Debug|Any CPU
		{237C0D5E-E44E-4F2D-89A0-E748E5EC1023}.Debug|ARM.Build.0 = Debug|Any CPU
		{237C0D5E-E44E-4F2D-89A0-E748E5EC1023}.Debug|ARM64.ActiveCfg = Debug|Any CPU
		{237C0D5E-E44E-4F2D-89A0-E748E5EC1023}.Debug|ARM64.Build.0 = Debug|Any CPU
		{237C0D5E-E44E-4F2D-89A0-E748E5EC1023}.Debug|iPhone.ActiveCfg = Debug|Any CPU
		{237C0D5E-E44E-4F2D-89A0-E748E5EC1023}.Debug|iPhone.Build.0 = Debug|Any CPU
		{237C0D5E-E44E-4F2D-89A0-E748E5EC1023}.Debug|iPhoneSimulator.ActiveCfg = Debug|Any CPU
		{237C0D5E-E44E-4F2D-89A0-E748E5EC1023}.Debug|iPhoneSimulator.Build.0 = Debug|Any CPU
		{237C0D5E-E44E-4F2D-89A0-E748E5EC1023}.Debug|x64.ActiveCfg = Debug|Any CPU
		{237C0D5E-E44E-4F2D-89A0-E748E5EC1023}.Debug|x64.Build.0 = Debug|Any CPU
		{237C0D5E-E44E-4F2D-89A0-E748E5EC1023}.Debug|x86.ActiveCfg = Debug|Any CPU
		{237C0D5E-E44E-4F2D-89A0-E748E5EC1023}.Debug|x86.Build.0 = Debug|Any CPU
		{237C0D5E-E44E-4F2D-89A0-E748E5EC1023}.LinuxRelease|Any CPU.ActiveCfg = LinuxRelease|Any CPU
		{237C0D5E-E44E-4F2D-89A0-E748E5EC1023}.LinuxRelease|Any CPU.Build.0 = LinuxRelease|Any CPU
		{237C0D5E-E44E-4F2D-89A0-E748E5EC1023}.LinuxRelease|ARM.ActiveCfg = LinuxRelease|Any CPU
		{237C0D5E-E44E-4F2D-89A0-E748E5EC1023}.LinuxRelease|ARM.Build.0 = LinuxRelease|Any CPU
		{237C0D5E-E44E-4F2D-89A0-E748E5EC1023}.LinuxRelease|ARM64.ActiveCfg = LinuxRelease|Any CPU
		{237C0D5E-E44E-4F2D-89A0-E748E5EC1023}.LinuxRelease|ARM64.Build.0 = LinuxRelease|Any CPU
		{237C0D5E-E44E-4F2D-89A0-E748E5EC1023}.LinuxRelease|iPhone.ActiveCfg = LinuxRelease|Any CPU
		{237C0D5E-E44E-4F2D-89A0-E748E5EC1023}.LinuxRelease|iPhone.Build.0 = LinuxRelease|Any CPU
		{237C0D5E-E44E-4F2D-89A0-E748E5EC1023}.LinuxRelease|iPhoneSimulator.ActiveCfg = LinuxRelease|Any CPU
		{237C0D5E-E44E-4F2D-89A0-E748E5EC1023}.LinuxRelease|iPhoneSimulator.Build.0 = LinuxRelease|Any CPU
		{237C0D5E-E44E-4F2D-89A0-E748E5EC1023}.LinuxRelease|x64.ActiveCfg = LinuxRelease|Any CPU
		{237C0D5E-E44E-4F2D-89A0-E748E5EC1023}.LinuxRelease|x64.Build.0 = LinuxRelease|Any CPU
		{237C0D5E-E44E-4F2D-89A0-E748E5EC1023}.LinuxRelease|x86.ActiveCfg = LinuxRelease|Any CPU
		{237C0D5E-E44E-4F2D-89A0-E748E5EC1023}.LinuxRelease|x86.Build.0 = LinuxRelease|Any CPU
		{237C0D5E-E44E-4F2D-89A0-E748E5EC1023}.PuttyDllDebug|Any CPU.ActiveCfg = Debug|Any CPU
		{237C0D5E-E44E-4F2D-89A0-E748E5EC1023}.PuttyDllDebug|Any CPU.Build.0 = Debug|Any CPU
		{237C0D5E-E44E-4F2D-89A0-E748E5EC1023}.PuttyDllDebug|ARM.ActiveCfg = Debug|Any CPU
		{237C0D5E-E44E-4F2D-89A0-E748E5EC1023}.PuttyDllDebug|ARM.Build.0 = Debug|Any CPU
		{237C0D5E-E44E-4F2D-89A0-E748E5EC1023}.PuttyDllDebug|ARM64.ActiveCfg = Debug|Any CPU
		{237C0D5E-E44E-4F2D-89A0-E748E5EC1023}.PuttyDllDebug|ARM64.Build.0 = Debug|Any CPU
		{237C0D5E-E44E-4F2D-89A0-E748E5EC1023}.PuttyDllDebug|iPhone.ActiveCfg = Debug|Any CPU
		{237C0D5E-E44E-4F2D-89A0-E748E5EC1023}.PuttyDllDebug|iPhone.Build.0 = Debug|Any CPU
		{237C0D5E-E44E-4F2D-89A0-E748E5EC1023}.PuttyDllDebug|iPhoneSimulator.ActiveCfg = Debug|Any CPU
		{237C0D5E-E44E-4F2D-89A0-E748E5EC1023}.PuttyDllDebug|iPhoneSimulator.Build.0 = Debug|Any CPU
		{237C0D5E-E44E-4F2D-89A0-E748E5EC1023}.PuttyDllDebug|x64.ActiveCfg = Debug|Any CPU
		{237C0D5E-E44E-4F2D-89A0-E748E5EC1023}.PuttyDllDebug|x64.Build.0 = Debug|Any CPU
		{237C0D5E-E44E-4F2D-89A0-E748E5EC1023}.PuttyDllDebug|x86.ActiveCfg = Debug|Any CPU
		{237C0D5E-E44E-4F2D-89A0-E748E5EC1023}.PuttyDllDebug|x86.Build.0 = Debug|Any CPU
		{237C0D5E-E44E-4F2D-89A0-E748E5EC1023}.Release|Any CPU.ActiveCfg = Release|Any CPU
		{237C0D5E-E44E-4F2D-89A0-E748E5EC1023}.Release|Any CPU.Build.0 = Release|Any CPU
		{237C0D5E-E44E-4F2D-89A0-E748E5EC1023}.Release|ARM.ActiveCfg = Release|Any CPU
		{237C0D5E-E44E-4F2D-89A0-E748E5EC1023}.Release|ARM.Build.0 = Release|Any CPU
		{237C0D5E-E44E-4F2D-89A0-E748E5EC1023}.Release|ARM64.ActiveCfg = Release|Any CPU
		{237C0D5E-E44E-4F2D-89A0-E748E5EC1023}.Release|ARM64.Build.0 = Release|Any CPU
		{237C0D5E-E44E-4F2D-89A0-E748E5EC1023}.Release|iPhone.ActiveCfg = Release|Any CPU
		{237C0D5E-E44E-4F2D-89A0-E748E5EC1023}.Release|iPhone.Build.0 = Release|Any CPU
		{237C0D5E-E44E-4F2D-89A0-E748E5EC1023}.Release|iPhoneSimulator.ActiveCfg = Release|Any CPU
		{237C0D5E-E44E-4F2D-89A0-E748E5EC1023}.Release|iPhoneSimulator.Build.0 = Release|Any CPU
		{237C0D5E-E44E-4F2D-89A0-E748E5EC1023}.Release|x64.ActiveCfg = Release|Any CPU
		{237C0D5E-E44E-4F2D-89A0-E748E5EC1023}.Release|x64.Build.0 = Release|Any CPU
		{237C0D5E-E44E-4F2D-89A0-E748E5EC1023}.Release|x86.ActiveCfg = Release|Any CPU
		{237C0D5E-E44E-4F2D-89A0-E748E5EC1023}.Release|x86.Build.0 = Release|Any CPU
	EndGlobalSection
	GlobalSection(SolutionProperties) = preSolution
		HideSolutionNode = FALSE
	EndGlobalSection
	GlobalSection(NestedProjects) = preSolution
		{30F98677-FEA1-4F97-8031-EFA331DCCF08} = {A1D5D39E-3802-4C5B-8C0F-D12C43FB6C43}
		{84DFB055-AACF-4744-8B11-E88379C161D7} = {A1D5D39E-3802-4C5B-8C0F-D12C43FB6C43}
		{0D491035-AF37-4F50-861F-FDF6A3248943} = {0895FCD7-2FAE-4BFE-ADD8-F43CEDAE4454}
		{519ACC71-26B1-4312-AD42-231965817F20} = {A1D5D39E-3802-4C5B-8C0F-D12C43FB6C43}
		{B827B9A1-9934-42C6-96D1-532E87369D1C} = {0895FCD7-2FAE-4BFE-ADD8-F43CEDAE4454}
	EndGlobalSection
	GlobalSection(ExtensibilityGlobals) = postSolution
		SolutionGuid = {D8CC3372-0800-4A78-9C08-6BA125EBB5ED}
	EndGlobalSection
EndGlobal
