<?xml version="1.0" encoding="utf-8"?>
<Project ToolsVersion="4.0" xmlns="http://schemas.microsoft.com/developer/msbuild/2003">
  <ItemGroup>
    <ClCompile Include="Putty_Android.cpp" />
    <ClCompile Include="..\Putty\WINDOWS\MSVC\PUTTYDLL\export.c" />
    <ClCompile Include="..\Putty\be_all_s.c">
      <Filter>Source Files</Filter>
    </ClCompile>
    <ClCompile Include="..\Putty\callback.c">
      <Filter>Source Files</Filter>
    </ClCompile>
    <ClCompile Include="..\Putty\cmdline.c">
      <Filter>Source Files</Filter>
    </ClCompile>
    <ClCompile Include="..\Putty\conf.c">
      <Filter>Source Files</Filter>
    </ClCompile>
    <ClCompile Include="..\Putty\config.c">
      <Filter>Source Files</Filter>
    </ClCompile>
    <ClCompile Include="..\Putty\cproxy.c">
      <Filter>Source Files</Filter>
    </ClCompile>
    <ClCompile Include="..\Putty\dialog.c">
      <Filter>Source Files</Filter>
    </ClCompile>
    <ClCompile Include="..\Putty\errsock.c">
      <Filter>Source Files</Filter>
    </ClCompile>
    <ClCompile Include="..\Putty\ldisc.c">
      <Filter>Source Files</Filter>
    </ClCompile>
    <ClCompile Include="..\Putty\ldiscucs.c">
      <Filter>Source Files</Filter>
    </ClCompile>
    <ClCompile Include="..\Putty\logging.c">
      <Filter>Source Files</Filter>
    </ClCompile>
    <ClCompile Include="..\Putty\minibidi.c">
      <Filter>Source Files</Filter>
    </ClCompile>
    <ClCompile Include="..\Putty\misc.c">
      <Filter>Source Files</Filter>
    </ClCompile>
    <ClCompile Include="..\Putty\miscucs.c">
      <Filter>Source Files</Filter>
    </ClCompile>
    <ClCompile Include="..\Putty\pgssapi.c">
      <Filter>Source Files</Filter>
    </ClCompile>
    <ClCompile Include="..\Putty\pinger.c">
      <Filter>Source Files</Filter>
    </ClCompile>
    <ClCompile Include="..\Putty\portfwd.c">
      <Filter>Source Files</Filter>
    </ClCompile>
    <ClCompile Include="..\Putty\proxy.c">
      <Filter>Source Files</Filter>
    </ClCompile>
    <ClCompile Include="..\Putty\raw.c">
      <Filter>Source Files</Filter>
    </ClCompile>
    <ClCompile Include="..\Putty\rlogin.c">
      <Filter>Source Files</Filter>
    </ClCompile>
    <ClCompile Include="..\Putty\sercfg.c">
      <Filter>Source Files</Filter>
    </ClCompile>
    <ClCompile Include="..\Putty\settings.c">
      <Filter>Source Files</Filter>
    </ClCompile>
    <ClCompile Include="..\Putty\ssh.c">
      <Filter>Source Files</Filter>
    </ClCompile>
    <ClCompile Include="..\Putty\sshaes.c">
      <Filter>Source Files</Filter>
    </ClCompile>
    <ClCompile Include="..\Putty\ssharcf.c">
      <Filter>Source Files</Filter>
    </ClCompile>
    <ClCompile Include="..\Putty\sshblowf.c">
      <Filter>Source Files</Filter>
    </ClCompile>
    <ClCompile Include="..\Putty\sshbn.c">
      <Filter>Source Files</Filter>
    </ClCompile>
    <ClCompile Include="..\Putty\sshcrc.c">
      <Filter>Source Files</Filter>
    </ClCompile>
    <ClCompile Include="..\Putty\sshcrcda.c">
      <Filter>Source Files</Filter>
    </ClCompile>
    <ClCompile Include="..\Putty\sshdes.c">
      <Filter>Source Files</Filter>
    </ClCompile>
    <ClCompile Include="..\Putty\sshdh.c">
      <Filter>Source Files</Filter>
    </ClCompile>
    <ClCompile Include="..\Putty\sshdss.c">
      <Filter>Source Files</Filter>
    </ClCompile>
    <ClCompile Include="..\Putty\sshgssc.c">
      <Filter>Source Files</Filter>
    </ClCompile>
    <ClCompile Include="..\Putty\sshmd5.c">
      <Filter>Source Files</Filter>
    </ClCompile>
    <ClCompile Include="..\Putty\sshpubk.c">
      <Filter>Source Files</Filter>
    </ClCompile>
    <ClCompile Include="..\Putty\sshrand.c">
      <Filter>Source Files</Filter>
    </ClCompile>
    <ClCompile Include="..\Putty\sshrsa.c">
      <Filter>Source Files</Filter>
    </ClCompile>
    <ClCompile Include="..\Putty\sshsh256.c">
      <Filter>Source Files</Filter>
    </ClCompile>
    <ClCompile Include="..\Putty\sshsh512.c">
      <Filter>Source Files</Filter>
    </ClCompile>
    <ClCompile Include="..\Putty\sshsha.c">
      <Filter>Source Files</Filter>
    </ClCompile>
    <ClCompile Include="..\Putty\sshshare.c">
      <Filter>Source Files</Filter>
    </ClCompile>
    <ClCompile Include="..\Putty\sshzlib.c">
      <Filter>Source Files</Filter>
    </ClCompile>
    <ClCompile Include="..\Putty\telnet.c">
      <Filter>Source Files</Filter>
    </ClCompile>
    <ClCompile Include="..\Putty\terminal.c">
      <Filter>Source Files</Filter>
    </ClCompile>
    <ClCompile Include="..\Putty\timing.c">
      <Filter>Source Files</Filter>
    </ClCompile>
    <ClCompile Include="..\Putty\tree234.c">
      <Filter>Source Files</Filter>
    </ClCompile>
    <ClCompile Include="..\Putty\version.c">
      <Filter>Source Files</Filter>
    </ClCompile>
    <ClCompile Include="..\Putty\wcwidth.c">
      <Filter>Source Files</Filter>
    </ClCompile>
    <ClCompile Include="..\Putty\wildcard.c">
      <Filter>Source Files</Filter>
    </ClCompile>
    <ClCompile Include="..\Putty\WINDOWS\sizetip.c">
      <Filter>Source Files</Filter>
    </ClCompile>
    <ClCompile Include="..\Putty\WINDOWS\wincfg.c">
      <Filter>Source Files</Filter>
    </ClCompile>
    <ClCompile Include="..\Putty\WINDOWS\winctrls.c">
      <Filter>Source Files</Filter>
    </ClCompile>
    <ClCompile Include="..\Putty\WINDOWS\windefs.c">
      <Filter>Source Files</Filter>
    </ClCompile>
    <ClCompile Include="..\Putty\WINDOWS\windlg.c">
      <Filter>Source Files</Filter>
    </ClCompile>
    <ClCompile Include="..\Putty\WINDOWS\window.c">
      <Filter>Source Files</Filter>
    </ClCompile>
    <ClCompile Include="..\Putty\WINDOWS\wingss.c">
      <Filter>Source Files</Filter>
    </ClCompile>
    <ClCompile Include="..\Putty\WINDOWS\winhandl.c">
      <Filter>Source Files</Filter>
    </ClCompile>
    <ClCompile Include="..\Putty\WINDOWS\winhelp.c">
      <Filter>Source Files</Filter>
    </ClCompile>
    <ClCompile Include="..\Putty\WINDOWS\winhsock.c">
      <Filter>Source Files</Filter>
    </ClCompile>
    <ClCompile Include="..\Putty\WINDOWS\winjump.c">
      <Filter>Source Files</Filter>
    </ClCompile>
    <ClCompile Include="..\Putty\WINDOWS\winmisc.c">
      <Filter>Source Files</Filter>
    </ClCompile>
    <ClCompile Include="..\Putty\WINDOWS\winnet.c">
      <Filter>Source Files</Filter>
    </ClCompile>
    <ClCompile Include="..\Putty\WINDOWS\winnoise.c">
      <Filter>Source Files</Filter>
    </ClCompile>
    <ClCompile Include="..\Putty\WINDOWS\winnpc.c">
      <Filter>Source Files</Filter>
    </ClCompile>
    <ClCompile Include="..\Putty\WINDOWS\winnps.c">
      <Filter>Source Files</Filter>
    </ClCompile>
    <ClCompile Include="..\Putty\WINDOWS\winpgntc.c">
      <Filter>Source Files</Filter>
    </ClCompile>
    <ClCompile Include="..\Putty\WINDOWS\winprint.c">
      <Filter>Source Files</Filter>
    </ClCompile>
    <ClCompile Include="..\Putty\WINDOWS\winproxy.c">
      <Filter>Source Files</Filter>
    </ClCompile>
    <ClCompile Include="..\Putty\WINDOWS\winsecur.c">
      <Filter>Source Files</Filter>
    </ClCompile>
    <ClCompile Include="..\Putty\WINDOWS\winser.c">
      <Filter>Source Files</Filter>
    </ClCompile>
    <ClCompile Include="..\Putty\WINDOWS\winshare.c">
      <Filter>Source Files</Filter>
    </ClCompile>
    <ClCompile Include="..\Putty\WINDOWS\winstore.c">
      <Filter>Source Files</Filter>
    </ClCompile>
    <ClCompile Include="..\Putty\WINDOWS\wintime.c">
      <Filter>Source Files</Filter>
    </ClCompile>
    <ClCompile Include="..\Putty\WINDOWS\winucs.c">
      <Filter>Source Files</Filter>
    </ClCompile>
    <ClCompile Include="..\Putty\WINDOWS\winutils.c">
      <Filter>Source Files</Filter>
    </ClCompile>
    <ClCompile Include="..\Putty\WINDOWS\winx11.c">
      <Filter>Source Files</Filter>
    </ClCompile>
    <ClCompile Include="..\Putty\x11fwd.c">
      <Filter>Source Files</Filter>
    </ClCompile>
  </ItemGroup>
  <ItemGroup>
    <ClInclude Include="Putty_Android.h" />
    <ClInclude Include="pch.h" />
    <ClInclude Include="..\Putty\charset\charset.h">
      <Filter>Header Files</Filter>
    </ClInclude>
    <ClInclude Include="..\Putty\dialog.h">
      <Filter>Header Files</Filter>
    </ClInclude>
    <ClInclude Include="..\Putty\int64.h">
      <Filter>Header Files</Filter>
    </ClInclude>
    <ClInclude Include="..\Putty\ldisc.h">
      <Filter>Header Files</Filter>
    </ClInclude>
    <ClInclude Include="..\Putty\macosx\osx.h">
      <Filter>Header Files</Filter>
    </ClInclude>
    <ClInclude Include="..\Putty\misc.h">
      <Filter>Header Files</Filter>
    </ClInclude>
    <ClInclude Include="..\Putty\network.h">
      <Filter>Header Files</Filter>
    </ClInclude>
    <ClInclude Include="..\Putty\noshare.c">
      <Filter>Header Files</Filter>
    </ClInclude>
    <ClInclude Include="..\Putty\pgssapi.h">
      <Filter>Header Files</Filter>
    </ClInclude>
    <ClInclude Include="..\Putty\proxy.h">
      <Filter>Header Files</Filter>
    </ClInclude>
    <ClInclude Include="..\Putty\putty.h">
      <Filter>Header Files</Filter>
    </ClInclude>
    <ClInclude Include="..\Putty\puttymem.h">
      <Filter>Header Files</Filter>
    </ClInclude>
    <ClInclude Include="..\Putty\puttyps.h">
      <Filter>Header Files</Filter>
    </ClInclude>
    <ClInclude Include="..\Putty\ssh.h">
      <Filter>Header Files</Filter>
    </ClInclude>
    <ClInclude Include="..\Putty\sshbn.h">
      <Filter>Header Files</Filter>
    </ClInclude>
    <ClInclude Include="..\Putty\sshgss.h">
      <Filter>Header Files</Filter>
    </ClInclude>
    <ClInclude Include="..\Putty\sshgssc.h">
      <Filter>Header Files</Filter>
    </ClInclude>
    <ClInclude Include="..\Putty\storage.h">
      <Filter>Header Files</Filter>
    </ClInclude>
    <ClInclude Include="..\Putty\terminal.h">
      <Filter>Header Files</Filter>
    </ClInclude>
    <ClInclude Include="..\Putty\tree234.h">
      <Filter>Header Files</Filter>
    </ClInclude>
    <ClInclude Include="..\Putty\unix\unix.h">
      <Filter>Header Files</Filter>
    </ClInclude>
    <ClInclude Include="..\Putty\version.h">
      <Filter>Header Files</Filter>
    </ClInclude>
    <ClInclude Include="..\Putty\WINDOWS\rcstuff.h">
      <Filter>Header Files</Filter>
    </ClInclude>
    <ClInclude Include="..\Putty\WINDOWS\win_res.h">
      <Filter>Header Files</Filter>
    </ClInclude>
    <ClInclude Include="..\Putty\WINDOWS\winhelp.h">
      <Filter>Header Files</Filter>
    </ClInclude>
    <ClInclude Include="..\Putty\WINDOWS\winsecur.h">
      <Filter>Header Files</Filter>
    </ClInclude>
    <ClInclude Include="..\Putty\WINDOWS\winstuff.h">
      <Filter>Header Files</Filter>
    </ClInclude>
  </ItemGroup>
  <ItemGroup>
    <Filter Include="Header Files">
      <UniqueIdentifier>{efa8967e-9317-488a-9250-b04e33b59e88}</UniqueIdentifier>
    </Filter>
    <Filter Include="Resource Files">
      <UniqueIdentifier>{df0ba9f3-1675-40fe-9b83-46acc0007516}</UniqueIdentifier>
    </Filter>
    <Filter Include="Source Files">
      <UniqueIdentifier>{df84e370-8c1a-48b8-9a1a-f8bdeb9efdd4}</UniqueIdentifier>
    </Filter>
  </ItemGroup>
  <ItemGroup>
    <CustomBuild Include="..\Putty\WINDOWS\putty.ico">
      <Filter>Resource Files</Filter>
    </CustomBuild>
    <CustomBuild Include="..\Putty\WINDOWS\puttycfg.ico">
      <Filter>Resource Files</Filter>
    </CustomBuild>
  </ItemGroup>
  <ItemGroup>
    <ResourceCompile Include="..\Putty\WINDOWS\putty.rc">
      <Filter>Resource Files</Filter>
    </ResourceCompile>
  </ItemGroup>
</Project>